// !$*UTF8*$!
{
	archiveVersion = 1;
	classes = {
	};
	objectVersion = 56;
	objects = {

/* Begin PBXBuildFile section */
		864DC4852977B111005DB201 /* CalendarView.swift in Sources */ = {isa = PBXBuildFile; fileRef = 864DC4842977B111005DB201 /* CalendarView.swift */; };
		864DC4872977B19F005DB201 /* ScheduleView.swift in Sources */ = {isa = PBXBuildFile; fileRef = 864DC4862977B19F005DB201 /* ScheduleView.swift */; };
		864DC4892977B2F9005DB201 /* CustomDatePickerView.swift in Sources */ = {isa = PBXBuildFile; fileRef = 864DC4882977B2F9005DB201 /* CustomDatePickerView.swift */; };
		864DC48F2977B962005DB201 /* DateValue.swift in Sources */ = {isa = PBXBuildFile; fileRef = 864DC48E2977B962005DB201 /* DateValue.swift */; };
		FD4E259D297783CC00F6F875 /* CheckItApp.swift in Sources */ = {isa = PBXBuildFile; fileRef = FD4E259C297783CC00F6F875 /* CheckItApp.swift */; };
		FD4E259F297783CC00F6F875 /* ContentView.swift in Sources */ = {isa = PBXBuildFile; fileRef = FD4E259E297783CC00F6F875 /* ContentView.swift */; };
		FD4E25A1297783CC00F6F875 /* Assets.xcassets in Resources */ = {isa = PBXBuildFile; fileRef = FD4E25A0297783CC00F6F875 /* Assets.xcassets */; };
		FD4E25A4297783CC00F6F875 /* Preview Assets.xcassets in Resources */ = {isa = PBXBuildFile; fileRef = FD4E25A3297783CC00F6F875 /* Preview Assets.xcassets */; };
		FD4E25AE297783CD00F6F875 /* CheckItTests.swift in Sources */ = {isa = PBXBuildFile; fileRef = FD4E25AD297783CD00F6F875 /* CheckItTests.swift */; };
		FD4E25B8297783CD00F6F875 /* CheckItUITests.swift in Sources */ = {isa = PBXBuildFile; fileRef = FD4E25B7297783CD00F6F875 /* CheckItUITests.swift */; };
		FD4E25BA297783CD00F6F875 /* CheckItUITestsLaunchTests.swift in Sources */ = {isa = PBXBuildFile; fileRef = FD4E25B9297783CD00F6F875 /* CheckItUITestsLaunchTests.swift */; };
		FD4E25D12977849900F6F875 /* ColorExtension.swift in Sources */ = {isa = PBXBuildFile; fileRef = FD4E25D02977849900F6F875 /* ColorExtension.swift */; };
		FD4E25D32977859E00F6F875 /* GoogleService-Info.plist in Resources */ = {isa = PBXBuildFile; fileRef = FD4E25D22977859E00F6F875 /* GoogleService-Info.plist */; };
		FD4E25D6297785E800F6F875 /* FirebaseAnalytics in Frameworks */ = {isa = PBXBuildFile; productRef = FD4E25D5297785E800F6F875 /* FirebaseAnalytics */; };
		FD4E25D8297785E800F6F875 /* FirebaseAnalyticsOnDeviceConversion in Frameworks */ = {isa = PBXBuildFile; productRef = FD4E25D7297785E800F6F875 /* FirebaseAnalyticsOnDeviceConversion */; };
		FD4E25DA297785E800F6F875 /* FirebaseAnalyticsSwift in Frameworks */ = {isa = PBXBuildFile; productRef = FD4E25D9297785E800F6F875 /* FirebaseAnalyticsSwift */; };
		FD4E25DC297785E800F6F875 /* FirebaseAnalyticsWithoutAdIdSupport in Frameworks */ = {isa = PBXBuildFile; productRef = FD4E25DB297785E800F6F875 /* FirebaseAnalyticsWithoutAdIdSupport */; };
		FD4E25DE297785E800F6F875 /* FirebaseAuth in Frameworks */ = {isa = PBXBuildFile; productRef = FD4E25DD297785E800F6F875 /* FirebaseAuth */; };
		FD4E25E0297785E800F6F875 /* FirebaseAuthCombine-Community in Frameworks */ = {isa = PBXBuildFile; productRef = FD4E25DF297785E800F6F875 /* FirebaseAuthCombine-Community */; };
		FD4E25E2297785E800F6F875 /* FirebaseDatabase in Frameworks */ = {isa = PBXBuildFile; productRef = FD4E25E1297785E800F6F875 /* FirebaseDatabase */; };
		FD4E25E4297785E800F6F875 /* FirebaseDatabaseSwift in Frameworks */ = {isa = PBXBuildFile; productRef = FD4E25E3297785E800F6F875 /* FirebaseDatabaseSwift */; };
		FD4E25E6297785E800F6F875 /* FirebaseFirestore in Frameworks */ = {isa = PBXBuildFile; productRef = FD4E25E5297785E800F6F875 /* FirebaseFirestore */; };
		FD4E25E8297785E800F6F875 /* FirebaseFirestoreCombine-Community in Frameworks */ = {isa = PBXBuildFile; productRef = FD4E25E7297785E800F6F875 /* FirebaseFirestoreCombine-Community */; };
		FD4E25EA297785E800F6F875 /* FirebaseFirestoreSwift in Frameworks */ = {isa = PBXBuildFile; productRef = FD4E25E9297785E800F6F875 /* FirebaseFirestoreSwift */; };
		FD4E25EC297785E800F6F875 /* FirebaseStorage in Frameworks */ = {isa = PBXBuildFile; productRef = FD4E25EB297785E800F6F875 /* FirebaseStorage */; };
		FD4E25EE297785E800F6F875 /* FirebaseStorageCombine-Community in Frameworks */ = {isa = PBXBuildFile; productRef = FD4E25ED297785E800F6F875 /* FirebaseStorageCombine-Community */; };
/* End PBXBuildFile section */

/* Begin PBXContainerItemProxy section */
		FD4E25AA297783CD00F6F875 /* PBXContainerItemProxy */ = {
			isa = PBXContainerItemProxy;
			containerPortal = FD4E2591297783CC00F6F875 /* Project object */;
			proxyType = 1;
			remoteGlobalIDString = FD4E2598297783CC00F6F875;
			remoteInfo = CheckIt;
		};
		FD4E25B4297783CD00F6F875 /* PBXContainerItemProxy */ = {
			isa = PBXContainerItemProxy;
			containerPortal = FD4E2591297783CC00F6F875 /* Project object */;
			proxyType = 1;
			remoteGlobalIDString = FD4E2598297783CC00F6F875;
			remoteInfo = CheckIt;
		};
/* End PBXContainerItemProxy section */

/* Begin PBXFileReference section */
		864DC4842977B111005DB201 /* CalendarView.swift */ = {isa = PBXFileReference; lastKnownFileType = sourcecode.swift; path = CalendarView.swift; sourceTree = "<group>"; };
		864DC4862977B19F005DB201 /* ScheduleView.swift */ = {isa = PBXFileReference; lastKnownFileType = sourcecode.swift; path = ScheduleView.swift; sourceTree = "<group>"; };
		864DC4882977B2F9005DB201 /* CustomDatePickerView.swift */ = {isa = PBXFileReference; lastKnownFileType = sourcecode.swift; path = CustomDatePickerView.swift; sourceTree = "<group>"; };
		864DC48E2977B962005DB201 /* DateValue.swift */ = {isa = PBXFileReference; lastKnownFileType = sourcecode.swift; path = DateValue.swift; sourceTree = "<group>"; };
		FD4E2599297783CC00F6F875 /* CheckIt.app */ = {isa = PBXFileReference; explicitFileType = wrapper.application; includeInIndex = 0; path = CheckIt.app; sourceTree = BUILT_PRODUCTS_DIR; };
		FD4E259C297783CC00F6F875 /* CheckItApp.swift */ = {isa = PBXFileReference; lastKnownFileType = sourcecode.swift; path = CheckItApp.swift; sourceTree = "<group>"; };
		FD4E259E297783CC00F6F875 /* ContentView.swift */ = {isa = PBXFileReference; lastKnownFileType = sourcecode.swift; path = ContentView.swift; sourceTree = "<group>"; };
		FD4E25A0297783CC00F6F875 /* Assets.xcassets */ = {isa = PBXFileReference; lastKnownFileType = folder.assetcatalog; path = Assets.xcassets; sourceTree = "<group>"; };
		FD4E25A3297783CC00F6F875 /* Preview Assets.xcassets */ = {isa = PBXFileReference; lastKnownFileType = folder.assetcatalog; path = "Preview Assets.xcassets"; sourceTree = "<group>"; };
		FD4E25A9297783CD00F6F875 /* CheckItTests.xctest */ = {isa = PBXFileReference; explicitFileType = wrapper.cfbundle; includeInIndex = 0; path = CheckItTests.xctest; sourceTree = BUILT_PRODUCTS_DIR; };
		FD4E25AD297783CD00F6F875 /* CheckItTests.swift */ = {isa = PBXFileReference; lastKnownFileType = sourcecode.swift; path = CheckItTests.swift; sourceTree = "<group>"; };
		FD4E25B3297783CD00F6F875 /* CheckItUITests.xctest */ = {isa = PBXFileReference; explicitFileType = wrapper.cfbundle; includeInIndex = 0; path = CheckItUITests.xctest; sourceTree = BUILT_PRODUCTS_DIR; };
		FD4E25B7297783CD00F6F875 /* CheckItUITests.swift */ = {isa = PBXFileReference; lastKnownFileType = sourcecode.swift; path = CheckItUITests.swift; sourceTree = "<group>"; };
		FD4E25B9297783CD00F6F875 /* CheckItUITestsLaunchTests.swift */ = {isa = PBXFileReference; lastKnownFileType = sourcecode.swift; path = CheckItUITestsLaunchTests.swift; sourceTree = "<group>"; };
		FD4E25D02977849900F6F875 /* ColorExtension.swift */ = {isa = PBXFileReference; lastKnownFileType = sourcecode.swift; path = ColorExtension.swift; sourceTree = "<group>"; };
		FD4E25D22977859E00F6F875 /* GoogleService-Info.plist */ = {isa = PBXFileReference; fileEncoding = 4; lastKnownFileType = text.plist.xml; path = "GoogleService-Info.plist"; sourceTree = "<group>"; };
/* End PBXFileReference section */

/* Begin PBXFrameworksBuildPhase section */
		FD4E2596297783CC00F6F875 /* Frameworks */ = {
			isa = PBXFrameworksBuildPhase;
			buildActionMask = 2147483647;
			files = (
				FD4E25E4297785E800F6F875 /* FirebaseDatabaseSwift in Frameworks */,
				FD4E25DA297785E800F6F875 /* FirebaseAnalyticsSwift in Frameworks */,
				FD4E25E0297785E800F6F875 /* FirebaseAuthCombine-Community in Frameworks */,
				FD4E25EE297785E800F6F875 /* FirebaseStorageCombine-Community in Frameworks */,
				FD4E25E8297785E800F6F875 /* FirebaseFirestoreCombine-Community in Frameworks */,
				FD4E25DE297785E800F6F875 /* FirebaseAuth in Frameworks */,
				FD4E25EC297785E800F6F875 /* FirebaseStorage in Frameworks */,
				FD4E25EA297785E800F6F875 /* FirebaseFirestoreSwift in Frameworks */,
				FD4E25D6297785E800F6F875 /* FirebaseAnalytics in Frameworks */,
				FD4E25E6297785E800F6F875 /* FirebaseFirestore in Frameworks */,
				FD4E25D8297785E800F6F875 /* FirebaseAnalyticsOnDeviceConversion in Frameworks */,
				FD4E25E2297785E800F6F875 /* FirebaseDatabase in Frameworks */,
				FD4E25DC297785E800F6F875 /* FirebaseAnalyticsWithoutAdIdSupport in Frameworks */,
			);
			runOnlyForDeploymentPostprocessing = 0;
		};
		FD4E25A6297783CD00F6F875 /* Frameworks */ = {
			isa = PBXFrameworksBuildPhase;
			buildActionMask = 2147483647;
			files = (
			);
			runOnlyForDeploymentPostprocessing = 0;
		};
		FD4E25B0297783CD00F6F875 /* Frameworks */ = {
			isa = PBXFrameworksBuildPhase;
			buildActionMask = 2147483647;
			files = (
			);
			runOnlyForDeploymentPostprocessing = 0;
		};
/* End PBXFrameworksBuildPhase section */

/* Begin PBXGroup section */
		FD4E2590297783CC00F6F875 = {
			isa = PBXGroup;
			children = (
				FD4E259B297783CC00F6F875 /* CheckIt */,
				FD4E25AC297783CD00F6F875 /* CheckItTests */,
				FD4E25B6297783CD00F6F875 /* CheckItUITests */,
				FD4E259A297783CC00F6F875 /* Products */,
			);
			sourceTree = "<group>";
		};
		FD4E259A297783CC00F6F875 /* Products */ = {
			isa = PBXGroup;
			children = (
				FD4E2599297783CC00F6F875 /* CheckIt.app */,
				FD4E25A9297783CD00F6F875 /* CheckItTests.xctest */,
				FD4E25B3297783CD00F6F875 /* CheckItUITests.xctest */,
			);
			name = Products;
			sourceTree = "<group>";
		};
		FD4E259B297783CC00F6F875 /* CheckIt */ = {
			isa = PBXGroup;
			children = (
				FD4E25D22977859E00F6F875 /* GoogleService-Info.plist */,
				FD4E259C297783CC00F6F875 /* CheckItApp.swift */,
				FD4E25C9297783F000F6F875 /* UIConfig */,
				FD4E25C7297783D900F6F875 /* Model */,
				FD4E25C8297783E000F6F875 /* ViewModel */,
				FD4E25C6297783D000F6F875 /* View */,
				FD4E25A0297783CC00F6F875 /* Assets.xcassets */,
				FD4E25A2297783CC00F6F875 /* Preview Content */,
			);
			path = CheckIt;
			sourceTree = "<group>";
		};
		FD4E25A2297783CC00F6F875 /* Preview Content */ = {
			isa = PBXGroup;
			children = (
				FD4E25A3297783CC00F6F875 /* Preview Assets.xcassets */,
			);
			path = "Preview Content";
			sourceTree = "<group>";
		};
		FD4E25AC297783CD00F6F875 /* CheckItTests */ = {
			isa = PBXGroup;
			children = (
				FD4E25AD297783CD00F6F875 /* CheckItTests.swift */,
			);
			path = CheckItTests;
			sourceTree = "<group>";
		};
		FD4E25B6297783CD00F6F875 /* CheckItUITests */ = {
			isa = PBXGroup;
			children = (
				FD4E25B7297783CD00F6F875 /* CheckItUITests.swift */,
				FD4E25B9297783CD00F6F875 /* CheckItUITestsLaunchTests.swift */,
			);
			path = CheckItUITests;
			sourceTree = "<group>";
		};
		FD4E25C6297783D000F6F875 /* View */ = {
			isa = PBXGroup;
			children = (
				FD4E259E297783CC00F6F875 /* ContentView.swift */,
				FD4E25CF2977845E00F6F875 /* Check */,
				FD4E25CC2977841900F6F875 /* Group */,
				FD4E25CD2977842200F6F875 /* Calendar */,
				FD4E25CE2977842A00F6F875 /* MyPage */,
				FD4E25CB2977840F00F6F875 /* Login */,
			);
			path = View;
			sourceTree = "<group>";
		};
		FD4E25C7297783D900F6F875 /* Model */ = {
			isa = PBXGroup;
			children = (
				864DC48E2977B962005DB201 /* DateValue.swift */,
			);
			path = Model;
			sourceTree = "<group>";
		};
		FD4E25C8297783E000F6F875 /* ViewModel */ = {
			isa = PBXGroup;
			children = (
			);
			path = ViewModel;
			sourceTree = "<group>";
		};
		FD4E25C9297783F000F6F875 /* UIConfig */ = {
			isa = PBXGroup;
			children = (
				FD4E25D02977849900F6F875 /* ColorExtension.swift */,
			);
			path = UIConfig;
			sourceTree = "<group>";
		};
		FD4E25CB2977840F00F6F875 /* Login */ = {
			isa = PBXGroup;
			children = (
			);
			path = Login;
			sourceTree = "<group>";
		};
		FD4E25CC2977841900F6F875 /* Group */ = {
			isa = PBXGroup;
			children = (
			);
			path = Group;
			sourceTree = "<group>";
		};
		FD4E25CD2977842200F6F875 /* Calendar */ = {
			isa = PBXGroup;
			children = (
				864DC4842977B111005DB201 /* CalendarView.swift */,
				864DC4882977B2F9005DB201 /* CustomDatePickerView.swift */,
				864DC4862977B19F005DB201 /* ScheduleView.swift */,
			);
			path = Calendar;
			sourceTree = "<group>";
		};
		FD4E25CE2977842A00F6F875 /* MyPage */ = {
			isa = PBXGroup;
			children = (
			);
			path = MyPage;
			sourceTree = "<group>";
		};
		FD4E25CF2977845E00F6F875 /* Check */ = {
			isa = PBXGroup;
			children = (
			);
			path = Check;
			sourceTree = "<group>";
		};
/* End PBXGroup section */

/* Begin PBXNativeTarget section */
		FD4E2598297783CC00F6F875 /* CheckIt */ = {
			isa = PBXNativeTarget;
			buildConfigurationList = FD4E25BD297783CD00F6F875 /* Build configuration list for PBXNativeTarget "CheckIt" */;
			buildPhases = (
				FD4E2595297783CC00F6F875 /* Sources */,
				FD4E2596297783CC00F6F875 /* Frameworks */,
				FD4E2597297783CC00F6F875 /* Resources */,
			);
			buildRules = (
			);
			dependencies = (
			);
			name = CheckIt;
			packageProductDependencies = (
				FD4E25D5297785E800F6F875 /* FirebaseAnalytics */,
				FD4E25D7297785E800F6F875 /* FirebaseAnalyticsOnDeviceConversion */,
				FD4E25D9297785E800F6F875 /* FirebaseAnalyticsSwift */,
				FD4E25DB297785E800F6F875 /* FirebaseAnalyticsWithoutAdIdSupport */,
				FD4E25DD297785E800F6F875 /* FirebaseAuth */,
				FD4E25DF297785E800F6F875 /* FirebaseAuthCombine-Community */,
				FD4E25E1297785E800F6F875 /* FirebaseDatabase */,
				FD4E25E3297785E800F6F875 /* FirebaseDatabaseSwift */,
				FD4E25E5297785E800F6F875 /* FirebaseFirestore */,
				FD4E25E7297785E800F6F875 /* FirebaseFirestoreCombine-Community */,
				FD4E25E9297785E800F6F875 /* FirebaseFirestoreSwift */,
				FD4E25EB297785E800F6F875 /* FirebaseStorage */,
				FD4E25ED297785E800F6F875 /* FirebaseStorageCombine-Community */,
			);
			productName = CheckIt;
			productReference = FD4E2599297783CC00F6F875 /* CheckIt.app */;
			productType = "com.apple.product-type.application";
		};
		FD4E25A8297783CD00F6F875 /* CheckItTests */ = {
			isa = PBXNativeTarget;
			buildConfigurationList = FD4E25C0297783CD00F6F875 /* Build configuration list for PBXNativeTarget "CheckItTests" */;
			buildPhases = (
				FD4E25A5297783CD00F6F875 /* Sources */,
				FD4E25A6297783CD00F6F875 /* Frameworks */,
				FD4E25A7297783CD00F6F875 /* Resources */,
			);
			buildRules = (
			);
			dependencies = (
				FD4E25AB297783CD00F6F875 /* PBXTargetDependency */,
			);
			name = CheckItTests;
			productName = CheckItTests;
			productReference = FD4E25A9297783CD00F6F875 /* CheckItTests.xctest */;
			productType = "com.apple.product-type.bundle.unit-test";
		};
		FD4E25B2297783CD00F6F875 /* CheckItUITests */ = {
			isa = PBXNativeTarget;
			buildConfigurationList = FD4E25C3297783CD00F6F875 /* Build configuration list for PBXNativeTarget "CheckItUITests" */;
			buildPhases = (
				FD4E25AF297783CD00F6F875 /* Sources */,
				FD4E25B0297783CD00F6F875 /* Frameworks */,
				FD4E25B1297783CD00F6F875 /* Resources */,
			);
			buildRules = (
			);
			dependencies = (
				FD4E25B5297783CD00F6F875 /* PBXTargetDependency */,
			);
			name = CheckItUITests;
			productName = CheckItUITests;
			productReference = FD4E25B3297783CD00F6F875 /* CheckItUITests.xctest */;
			productType = "com.apple.product-type.bundle.ui-testing";
		};
/* End PBXNativeTarget section */

/* Begin PBXProject section */
		FD4E2591297783CC00F6F875 /* Project object */ = {
			isa = PBXProject;
			attributes = {
				BuildIndependentTargetsInParallel = 1;
				LastSwiftUpdateCheck = 1420;
				LastUpgradeCheck = 1420;
				TargetAttributes = {
					FD4E2598297783CC00F6F875 = {
						CreatedOnToolsVersion = 14.2;
					};
					FD4E25A8297783CD00F6F875 = {
						CreatedOnToolsVersion = 14.2;
						TestTargetID = FD4E2598297783CC00F6F875;
					};
					FD4E25B2297783CD00F6F875 = {
						CreatedOnToolsVersion = 14.2;
						TestTargetID = FD4E2598297783CC00F6F875;
					};
				};
			};
			buildConfigurationList = FD4E2594297783CC00F6F875 /* Build configuration list for PBXProject "CheckIt" */;
			compatibilityVersion = "Xcode 14.0";
			developmentRegion = en;
			hasScannedForEncodings = 0;
			knownRegions = (
				en,
				Base,
			);
			mainGroup = FD4E2590297783CC00F6F875;
			packageReferences = (
				FD4E25D4297785E800F6F875 /* XCRemoteSwiftPackageReference "firebase-ios-sdk" */,
			);
			productRefGroup = FD4E259A297783CC00F6F875 /* Products */;
			projectDirPath = "";
			projectRoot = "";
			targets = (
				FD4E2598297783CC00F6F875 /* CheckIt */,
				FD4E25A8297783CD00F6F875 /* CheckItTests */,
				FD4E25B2297783CD00F6F875 /* CheckItUITests */,
			);
		};
/* End PBXProject section */

/* Begin PBXResourcesBuildPhase section */
		FD4E2597297783CC00F6F875 /* Resources */ = {
			isa = PBXResourcesBuildPhase;
			buildActionMask = 2147483647;
			files = (
				FD4E25A4297783CC00F6F875 /* Preview Assets.xcassets in Resources */,
				FD4E25A1297783CC00F6F875 /* Assets.xcassets in Resources */,
				FD4E25D32977859E00F6F875 /* GoogleService-Info.plist in Resources */,
			);
			runOnlyForDeploymentPostprocessing = 0;
		};
		FD4E25A7297783CD00F6F875 /* Resources */ = {
			isa = PBXResourcesBuildPhase;
			buildActionMask = 2147483647;
			files = (
			);
			runOnlyForDeploymentPostprocessing = 0;
		};
		FD4E25B1297783CD00F6F875 /* Resources */ = {
			isa = PBXResourcesBuildPhase;
			buildActionMask = 2147483647;
			files = (
			);
			runOnlyForDeploymentPostprocessing = 0;
		};
/* End PBXResourcesBuildPhase section */

/* Begin PBXSourcesBuildPhase section */
		FD4E2595297783CC00F6F875 /* Sources */ = {
			isa = PBXSourcesBuildPhase;
			buildActionMask = 2147483647;
			files = (
				864DC4872977B19F005DB201 /* ScheduleView.swift in Sources */,
				FD4E25D12977849900F6F875 /* ColorExtension.swift in Sources */,
				FD4E259F297783CC00F6F875 /* ContentView.swift in Sources */,
				864DC4852977B111005DB201 /* CalendarView.swift in Sources */,
				FD4E259D297783CC00F6F875 /* CheckItApp.swift in Sources */,
				864DC48F2977B962005DB201 /* DateValue.swift in Sources */,
				864DC4892977B2F9005DB201 /* CustomDatePickerView.swift in Sources */,
			);
			runOnlyForDeploymentPostprocessing = 0;
		};
		FD4E25A5297783CD00F6F875 /* Sources */ = {
			isa = PBXSourcesBuildPhase;
			buildActionMask = 2147483647;
			files = (
				FD4E25AE297783CD00F6F875 /* CheckItTests.swift in Sources */,
			);
			runOnlyForDeploymentPostprocessing = 0;
		};
		FD4E25AF297783CD00F6F875 /* Sources */ = {
			isa = PBXSourcesBuildPhase;
			buildActionMask = 2147483647;
			files = (
				FD4E25BA297783CD00F6F875 /* CheckItUITestsLaunchTests.swift in Sources */,
				FD4E25B8297783CD00F6F875 /* CheckItUITests.swift in Sources */,
			);
			runOnlyForDeploymentPostprocessing = 0;
		};
/* End PBXSourcesBuildPhase section */

/* Begin PBXTargetDependency section */
		FD4E25AB297783CD00F6F875 /* PBXTargetDependency */ = {
			isa = PBXTargetDependency;
			target = FD4E2598297783CC00F6F875 /* CheckIt */;
			targetProxy = FD4E25AA297783CD00F6F875 /* PBXContainerItemProxy */;
		};
		FD4E25B5297783CD00F6F875 /* PBXTargetDependency */ = {
			isa = PBXTargetDependency;
			target = FD4E2598297783CC00F6F875 /* CheckIt */;
			targetProxy = FD4E25B4297783CD00F6F875 /* PBXContainerItemProxy */;
		};
/* End PBXTargetDependency section */

/* Begin XCBuildConfiguration section */
		FD4E25BB297783CD00F6F875 /* Debug */ = {
			isa = XCBuildConfiguration;
			buildSettings = {
				ALWAYS_SEARCH_USER_PATHS = NO;
				CLANG_ANALYZER_NONNULL = YES;
				CLANG_ANALYZER_NUMBER_OBJECT_CONVERSION = YES_AGGRESSIVE;
				CLANG_CXX_LANGUAGE_STANDARD = "gnu++20";
				CLANG_ENABLE_MODULES = YES;
				CLANG_ENABLE_OBJC_ARC = YES;
				CLANG_ENABLE_OBJC_WEAK = YES;
				CLANG_WARN_BLOCK_CAPTURE_AUTORELEASING = YES;
				CLANG_WARN_BOOL_CONVERSION = YES;
				CLANG_WARN_COMMA = YES;
				CLANG_WARN_CONSTANT_CONVERSION = YES;
				CLANG_WARN_DEPRECATED_OBJC_IMPLEMENTATIONS = YES;
				CLANG_WARN_DIRECT_OBJC_ISA_USAGE = YES_ERROR;
				CLANG_WARN_DOCUMENTATION_COMMENTS = YES;
				CLANG_WARN_EMPTY_BODY = YES;
				CLANG_WARN_ENUM_CONVERSION = YES;
				CLANG_WARN_INFINITE_RECURSION = YES;
				CLANG_WARN_INT_CONVERSION = YES;
				CLANG_WARN_NON_LITERAL_NULL_CONVERSION = YES;
				CLANG_WARN_OBJC_IMPLICIT_RETAIN_SELF = YES;
				CLANG_WARN_OBJC_LITERAL_CONVERSION = YES;
				CLANG_WARN_OBJC_ROOT_CLASS = YES_ERROR;
				CLANG_WARN_QUOTED_INCLUDE_IN_FRAMEWORK_HEADER = YES;
				CLANG_WARN_RANGE_LOOP_ANALYSIS = YES;
				CLANG_WARN_STRICT_PROTOTYPES = YES;
				CLANG_WARN_SUSPICIOUS_MOVE = YES;
				CLANG_WARN_UNGUARDED_AVAILABILITY = YES_AGGRESSIVE;
				CLANG_WARN_UNREACHABLE_CODE = YES;
				CLANG_WARN__DUPLICATE_METHOD_MATCH = YES;
				COPY_PHASE_STRIP = NO;
				DEBUG_INFORMATION_FORMAT = dwarf;
				ENABLE_STRICT_OBJC_MSGSEND = YES;
				ENABLE_TESTABILITY = YES;
				GCC_C_LANGUAGE_STANDARD = gnu11;
				GCC_DYNAMIC_NO_PIC = NO;
				GCC_NO_COMMON_BLOCKS = YES;
				GCC_OPTIMIZATION_LEVEL = 0;
				GCC_PREPROCESSOR_DEFINITIONS = (
					"DEBUG=1",
					"$(inherited)",
				);
				GCC_WARN_64_TO_32_BIT_CONVERSION = YES;
				GCC_WARN_ABOUT_RETURN_TYPE = YES_ERROR;
				GCC_WARN_UNDECLARED_SELECTOR = YES;
				GCC_WARN_UNINITIALIZED_AUTOS = YES_AGGRESSIVE;
				GCC_WARN_UNUSED_FUNCTION = YES;
				GCC_WARN_UNUSED_VARIABLE = YES;
				IPHONEOS_DEPLOYMENT_TARGET = 16.2;
				MTL_ENABLE_DEBUG_INFO = INCLUDE_SOURCE;
				MTL_FAST_MATH = YES;
				ONLY_ACTIVE_ARCH = YES;
				SDKROOT = iphoneos;
				SWIFT_ACTIVE_COMPILATION_CONDITIONS = DEBUG;
				SWIFT_OPTIMIZATION_LEVEL = "-Onone";
			};
			name = Debug;
		};
		FD4E25BC297783CD00F6F875 /* Release */ = {
			isa = XCBuildConfiguration;
			buildSettings = {
				ALWAYS_SEARCH_USER_PATHS = NO;
				CLANG_ANALYZER_NONNULL = YES;
				CLANG_ANALYZER_NUMBER_OBJECT_CONVERSION = YES_AGGRESSIVE;
				CLANG_CXX_LANGUAGE_STANDARD = "gnu++20";
				CLANG_ENABLE_MODULES = YES;
				CLANG_ENABLE_OBJC_ARC = YES;
				CLANG_ENABLE_OBJC_WEAK = YES;
				CLANG_WARN_BLOCK_CAPTURE_AUTORELEASING = YES;
				CLANG_WARN_BOOL_CONVERSION = YES;
				CLANG_WARN_COMMA = YES;
				CLANG_WARN_CONSTANT_CONVERSION = YES;
				CLANG_WARN_DEPRECATED_OBJC_IMPLEMENTATIONS = YES;
				CLANG_WARN_DIRECT_OBJC_ISA_USAGE = YES_ERROR;
				CLANG_WARN_DOCUMENTATION_COMMENTS = YES;
				CLANG_WARN_EMPTY_BODY = YES;
				CLANG_WARN_ENUM_CONVERSION = YES;
				CLANG_WARN_INFINITE_RECURSION = YES;
				CLANG_WARN_INT_CONVERSION = YES;
				CLANG_WARN_NON_LITERAL_NULL_CONVERSION = YES;
				CLANG_WARN_OBJC_IMPLICIT_RETAIN_SELF = YES;
				CLANG_WARN_OBJC_LITERAL_CONVERSION = YES;
				CLANG_WARN_OBJC_ROOT_CLASS = YES_ERROR;
				CLANG_WARN_QUOTED_INCLUDE_IN_FRAMEWORK_HEADER = YES;
				CLANG_WARN_RANGE_LOOP_ANALYSIS = YES;
				CLANG_WARN_STRICT_PROTOTYPES = YES;
				CLANG_WARN_SUSPICIOUS_MOVE = YES;
				CLANG_WARN_UNGUARDED_AVAILABILITY = YES_AGGRESSIVE;
				CLANG_WARN_UNREACHABLE_CODE = YES;
				CLANG_WARN__DUPLICATE_METHOD_MATCH = YES;
				COPY_PHASE_STRIP = NO;
				DEBUG_INFORMATION_FORMAT = "dwarf-with-dsym";
				ENABLE_NS_ASSERTIONS = NO;
				ENABLE_STRICT_OBJC_MSGSEND = YES;
				GCC_C_LANGUAGE_STANDARD = gnu11;
				GCC_NO_COMMON_BLOCKS = YES;
				GCC_WARN_64_TO_32_BIT_CONVERSION = YES;
				GCC_WARN_ABOUT_RETURN_TYPE = YES_ERROR;
				GCC_WARN_UNDECLARED_SELECTOR = YES;
				GCC_WARN_UNINITIALIZED_AUTOS = YES_AGGRESSIVE;
				GCC_WARN_UNUSED_FUNCTION = YES;
				GCC_WARN_UNUSED_VARIABLE = YES;
				IPHONEOS_DEPLOYMENT_TARGET = 16.2;
				MTL_ENABLE_DEBUG_INFO = NO;
				MTL_FAST_MATH = YES;
				SDKROOT = iphoneos;
				SWIFT_COMPILATION_MODE = wholemodule;
				SWIFT_OPTIMIZATION_LEVEL = "-O";
				VALIDATE_PRODUCT = YES;
			};
			name = Release;
		};
		FD4E25BE297783CD00F6F875 /* Debug */ = {
			isa = XCBuildConfiguration;
			buildSettings = {
				ASSETCATALOG_COMPILER_APPICON_NAME = AppIcon;
				ASSETCATALOG_COMPILER_GLOBAL_ACCENT_COLOR_NAME = AccentColor;
				CODE_SIGN_STYLE = Automatic;
				CURRENT_PROJECT_VERSION = 1;
				DEVELOPMENT_ASSET_PATHS = "\"CheckIt/Preview Content\"";
				DEVELOPMENT_TEAM = BW4MN2W69K;
				ENABLE_PREVIEWS = YES;
				GENERATE_INFOPLIST_FILE = YES;
				INFOPLIST_KEY_UIApplicationSceneManifest_Generation = YES;
				INFOPLIST_KEY_UIApplicationSupportsIndirectInputEvents = YES;
				INFOPLIST_KEY_UILaunchScreen_Generation = YES;
				INFOPLIST_KEY_UISupportedInterfaceOrientations_iPad = "UIInterfaceOrientationPortrait UIInterfaceOrientationPortraitUpsideDown UIInterfaceOrientationLandscapeLeft UIInterfaceOrientationLandscapeRight";
				INFOPLIST_KEY_UISupportedInterfaceOrientations_iPhone = "UIInterfaceOrientationPortrait UIInterfaceOrientationLandscapeLeft UIInterfaceOrientationLandscapeRight";
				LD_RUNPATH_SEARCH_PATHS = (
					"$(inherited)",
					"@executable_path/Frameworks",
				);
				MARKETING_VERSION = 1.0;
				PRODUCT_BUNDLE_IDENTIFIER = com.codeline.CheckIt;
				PRODUCT_NAME = "$(TARGET_NAME)";
				SWIFT_EMIT_LOC_STRINGS = YES;
				SWIFT_VERSION = 5.0;
				TARGETED_DEVICE_FAMILY = "1,2";
			};
			name = Debug;
		};
		FD4E25BF297783CD00F6F875 /* Release */ = {
			isa = XCBuildConfiguration;
			buildSettings = {
				ASSETCATALOG_COMPILER_APPICON_NAME = AppIcon;
				ASSETCATALOG_COMPILER_GLOBAL_ACCENT_COLOR_NAME = AccentColor;
				CODE_SIGN_STYLE = Automatic;
				CURRENT_PROJECT_VERSION = 1;
				DEVELOPMENT_ASSET_PATHS = "\"CheckIt/Preview Content\"";
				DEVELOPMENT_TEAM = BW4MN2W69K;
				ENABLE_PREVIEWS = YES;
				GENERATE_INFOPLIST_FILE = YES;
				INFOPLIST_KEY_UIApplicationSceneManifest_Generation = YES;
				INFOPLIST_KEY_UIApplicationSupportsIndirectInputEvents = YES;
				INFOPLIST_KEY_UILaunchScreen_Generation = YES;
				INFOPLIST_KEY_UISupportedInterfaceOrientations_iPad = "UIInterfaceOrientationPortrait UIInterfaceOrientationPortraitUpsideDown UIInterfaceOrientationLandscapeLeft UIInterfaceOrientationLandscapeRight";
				INFOPLIST_KEY_UISupportedInterfaceOrientations_iPhone = "UIInterfaceOrientationPortrait UIInterfaceOrientationLandscapeLeft UIInterfaceOrientationLandscapeRight";
				LD_RUNPATH_SEARCH_PATHS = (
					"$(inherited)",
					"@executable_path/Frameworks",
				);
				MARKETING_VERSION = 1.0;
				PRODUCT_BUNDLE_IDENTIFIER = com.codeline.CheckIt;
				PRODUCT_NAME = "$(TARGET_NAME)";
				SWIFT_EMIT_LOC_STRINGS = YES;
				SWIFT_VERSION = 5.0;
				TARGETED_DEVICE_FAMILY = "1,2";
			};
			name = Release;
		};
		FD4E25C1297783CD00F6F875 /* Debug */ = {
			isa = XCBuildConfiguration;
			buildSettings = {
				ALWAYS_EMBED_SWIFT_STANDARD_LIBRARIES = YES;
				BUNDLE_LOADER = "$(TEST_HOST)";
				CODE_SIGN_STYLE = Automatic;
				CURRENT_PROJECT_VERSION = 1;
				DEVELOPMENT_TEAM = BW4MN2W69K;
				GENERATE_INFOPLIST_FILE = YES;
				IPHONEOS_DEPLOYMENT_TARGET = 16.2;
				MARKETING_VERSION = 1.0;
				PRODUCT_BUNDLE_IDENTIFIER = com.codeline.CheckItTests;
				PRODUCT_NAME = "$(TARGET_NAME)";
				SWIFT_EMIT_LOC_STRINGS = NO;
				SWIFT_VERSION = 5.0;
				TARGETED_DEVICE_FAMILY = "1,2";
				TEST_HOST = "$(BUILT_PRODUCTS_DIR)/CheckIt.app/$(BUNDLE_EXECUTABLE_FOLDER_PATH)/CheckIt";
			};
			name = Debug;
		};
		FD4E25C2297783CD00F6F875 /* Release */ = {
			isa = XCBuildConfiguration;
			buildSettings = {
				ALWAYS_EMBED_SWIFT_STANDARD_LIBRARIES = YES;
				BUNDLE_LOADER = "$(TEST_HOST)";
				CODE_SIGN_STYLE = Automatic;
				CURRENT_PROJECT_VERSION = 1;
				DEVELOPMENT_TEAM = BW4MN2W69K;
				GENERATE_INFOPLIST_FILE = YES;
				IPHONEOS_DEPLOYMENT_TARGET = 16.2;
				MARKETING_VERSION = 1.0;
				PRODUCT_BUNDLE_IDENTIFIER = com.codeline.CheckItTests;
				PRODUCT_NAME = "$(TARGET_NAME)";
				SWIFT_EMIT_LOC_STRINGS = NO;
				SWIFT_VERSION = 5.0;
				TARGETED_DEVICE_FAMILY = "1,2";
				TEST_HOST = "$(BUILT_PRODUCTS_DIR)/CheckIt.app/$(BUNDLE_EXECUTABLE_FOLDER_PATH)/CheckIt";
			};
			name = Release;
		};
		FD4E25C4297783CD00F6F875 /* Debug */ = {
			isa = XCBuildConfiguration;
			buildSettings = {
				ALWAYS_EMBED_SWIFT_STANDARD_LIBRARIES = YES;
				CODE_SIGN_STYLE = Automatic;
				CURRENT_PROJECT_VERSION = 1;
				DEVELOPMENT_TEAM = BW4MN2W69K;
				GENERATE_INFOPLIST_FILE = YES;
				MARKETING_VERSION = 1.0;
				PRODUCT_BUNDLE_IDENTIFIER = com.codeline.CheckItUITests;
				PRODUCT_NAME = "$(TARGET_NAME)";
				SWIFT_EMIT_LOC_STRINGS = NO;
				SWIFT_VERSION = 5.0;
				TARGETED_DEVICE_FAMILY = "1,2";
				TEST_TARGET_NAME = CheckIt;
			};
			name = Debug;
		};
		FD4E25C5297783CD00F6F875 /* Release */ = {
			isa = XCBuildConfiguration;
			buildSettings = {
				ALWAYS_EMBED_SWIFT_STANDARD_LIBRARIES = YES;
				CODE_SIGN_STYLE = Automatic;
				CURRENT_PROJECT_VERSION = 1;
				DEVELOPMENT_TEAM = BW4MN2W69K;
				GENERATE_INFOPLIST_FILE = YES;
				MARKETING_VERSION = 1.0;
				PRODUCT_BUNDLE_IDENTIFIER = com.codeline.CheckItUITests;
				PRODUCT_NAME = "$(TARGET_NAME)";
				SWIFT_EMIT_LOC_STRINGS = NO;
				SWIFT_VERSION = 5.0;
				TARGETED_DEVICE_FAMILY = "1,2";
				TEST_TARGET_NAME = CheckIt;
			};
			name = Release;
		};
/* End XCBuildConfiguration section */

/* Begin XCConfigurationList section */
		FD4E2594297783CC00F6F875 /* Build configuration list for PBXProject "CheckIt" */ = {
			isa = XCConfigurationList;
			buildConfigurations = (
				FD4E25BB297783CD00F6F875 /* Debug */,
				FD4E25BC297783CD00F6F875 /* Release */,
			);
			defaultConfigurationIsVisible = 0;
			defaultConfigurationName = Release;
		};
		FD4E25BD297783CD00F6F875 /* Build configuration list for PBXNativeTarget "CheckIt" */ = {
			isa = XCConfigurationList;
			buildConfigurations = (
				FD4E25BE297783CD00F6F875 /* Debug */,
				FD4E25BF297783CD00F6F875 /* Release */,
			);
			defaultConfigurationIsVisible = 0;
			defaultConfigurationName = Release;
		};
		FD4E25C0297783CD00F6F875 /* Build configuration list for PBXNativeTarget "CheckItTests" */ = {
			isa = XCConfigurationList;
			buildConfigurations = (
				FD4E25C1297783CD00F6F875 /* Debug */,
				FD4E25C2297783CD00F6F875 /* Release */,
			);
			defaultConfigurationIsVisible = 0;
			defaultConfigurationName = Release;
		};
		FD4E25C3297783CD00F6F875 /* Build configuration list for PBXNativeTarget "CheckItUITests" */ = {
			isa = XCConfigurationList;
			buildConfigurations = (
				FD4E25C4297783CD00F6F875 /* Debug */,
				FD4E25C5297783CD00F6F875 /* Release */,
			);
			defaultConfigurationIsVisible = 0;
			defaultConfigurationName = Release;
		};
/* End XCConfigurationList section */

/* Begin XCRemoteSwiftPackageReference section */
		FD4E25D4297785E800F6F875 /* XCRemoteSwiftPackageReference "firebase-ios-sdk" */ = {
			isa = XCRemoteSwiftPackageReference;
			repositoryURL = "https://github.com/firebase/firebase-ios-sdk";
			requirement = {
				branch = master;
				kind = branch;
			};
		};
/* End XCRemoteSwiftPackageReference section */

/* Begin XCSwiftPackageProductDependency section */
		FD4E25D5297785E800F6F875 /* FirebaseAnalytics */ = {
			isa = XCSwiftPackageProductDependency;
			package = FD4E25D4297785E800F6F875 /* XCRemoteSwiftPackageReference "firebase-ios-sdk" */;
			productName = FirebaseAnalytics;
		};
		FD4E25D7297785E800F6F875 /* FirebaseAnalyticsOnDeviceConversion */ = {
			isa = XCSwiftPackageProductDependency;
			package = FD4E25D4297785E800F6F875 /* XCRemoteSwiftPackageReference "firebase-ios-sdk" */;
			productName = FirebaseAnalyticsOnDeviceConversion;
		};
		FD4E25D9297785E800F6F875 /* FirebaseAnalyticsSwift */ = {
			isa = XCSwiftPackageProductDependency;
			package = FD4E25D4297785E800F6F875 /* XCRemoteSwiftPackageReference "firebase-ios-sdk" */;
			productName = FirebaseAnalyticsSwift;
		};
		FD4E25DB297785E800F6F875 /* FirebaseAnalyticsWithoutAdIdSupport */ = {
			isa = XCSwiftPackageProductDependency;
			package = FD4E25D4297785E800F6F875 /* XCRemoteSwiftPackageReference "firebase-ios-sdk" */;
			productName = FirebaseAnalyticsWithoutAdIdSupport;
		};
		FD4E25DD297785E800F6F875 /* FirebaseAuth */ = {
			isa = XCSwiftPackageProductDependency;
			package = FD4E25D4297785E800F6F875 /* XCRemoteSwiftPackageReference "firebase-ios-sdk" */;
			productName = FirebaseAuth;
		};
		FD4E25DF297785E800F6F875 /* FirebaseAuthCombine-Community */ = {
			isa = XCSwiftPackageProductDependency;
			package = FD4E25D4297785E800F6F875 /* XCRemoteSwiftPackageReference "firebase-ios-sdk" */;
			productName = "FirebaseAuthCombine-Community";
		};
		FD4E25E1297785E800F6F875 /* FirebaseDatabase */ = {
			isa = XCSwiftPackageProductDependency;
			package = FD4E25D4297785E800F6F875 /* XCRemoteSwiftPackageReference "firebase-ios-sdk" */;
			productName = FirebaseDatabase;
		};
		FD4E25E3297785E800F6F875 /* FirebaseDatabaseSwift */ = {
			isa = XCSwiftPackageProductDependency;
			package = FD4E25D4297785E800F6F875 /* XCRemoteSwiftPackageReference "firebase-ios-sdk" */;
			productName = FirebaseDatabaseSwift;
		};
		FD4E25E5297785E800F6F875 /* FirebaseFirestore */ = {
			isa = XCSwiftPackageProductDependency;
			package = FD4E25D4297785E800F6F875 /* XCRemoteSwiftPackageReference "firebase-ios-sdk" */;
			productName = FirebaseFirestore;
		};
		FD4E25E7297785E800F6F875 /* FirebaseFirestoreCombine-Community */ = {
			isa = XCSwiftPackageProductDependency;
			package = FD4E25D4297785E800F6F875 /* XCRemoteSwiftPackageReference "firebase-ios-sdk" */;
			productName = "FirebaseFirestoreCombine-Community";
		};
		FD4E25E9297785E800F6F875 /* FirebaseFirestoreSwift */ = {
			isa = XCSwiftPackageProductDependency;
			package = FD4E25D4297785E800F6F875 /* XCRemoteSwiftPackageReference "firebase-ios-sdk" */;
			productName = FirebaseFirestoreSwift;
		};
		FD4E25EB297785E800F6F875 /* FirebaseStorage */ = {
			isa = XCSwiftPackageProductDependency;
			package = FD4E25D4297785E800F6F875 /* XCRemoteSwiftPackageReference "firebase-ios-sdk" */;
			productName = FirebaseStorage;
		};
		FD4E25ED297785E800F6F875 /* FirebaseStorageCombine-Community */ = {
			isa = XCSwiftPackageProductDependency;
			package = FD4E25D4297785E800F6F875 /* XCRemoteSwiftPackageReference "firebase-ios-sdk" */;
			productName = "FirebaseStorageCombine-Community";
		};
/* End XCSwiftPackageProductDependency section */
	};
	rootObject = FD4E2591297783CC00F6F875 /* Project object */;
}
