// !$*UTF8*$!
{
	archiveVersion = 1;
	classes = {
	};
	objectVersion = 56;
	objects = {

/* Begin PBXBuildFile section */
		1A41F4402977A8D40051F464 /* GroupScheduleView.swift in Sources */ = {isa = PBXBuildFile; fileRef = 1A41F43F2977A8D40051F464 /* GroupScheduleView.swift */; };
		1A41F4422977A8F70051F464 /* AddScheduleView.swift in Sources */ = {isa = PBXBuildFile; fileRef = 1A41F4412977A8F70051F464 /* AddScheduleView.swift */; };
		1A41F4442977AA600051F464 /* AttendanceStatusView.swift in Sources */ = {isa = PBXBuildFile; fileRef = 1A41F4432977AA600051F464 /* AttendanceStatusView.swift */; };
		1A41F4462977AA820051F464 /* LateFeeView.swift in Sources */ = {isa = PBXBuildFile; fileRef = 1A41F4452977AA820051F464 /* LateFeeView.swift */; };
		1A41F4482977AE3C0051F464 /* CategoryView.swift in Sources */ = {isa = PBXBuildFile; fileRef = 1A41F4472977AE3C0051F464 /* CategoryView.swift */; };
		2807AA99297A514D00B1676C /* AttendanceCategory.swift in Sources */ = {isa = PBXBuildFile; fileRef = 2807AA98297A514D00B1676C /* AttendanceCategory.swift */; };
		2807AA9B297A536300B1676C /* AttendanceCategoryView.swift in Sources */ = {isa = PBXBuildFile; fileRef = 2807AA9A297A536300B1676C /* AttendanceCategoryView.swift */; };
		2807AA9D297A5E0500B1676C /* AttendancePickerView.swift in Sources */ = {isa = PBXBuildFile; fileRef = 2807AA9C297A5E0500B1676C /* AttendancePickerView.swift */; };
		2807AAA1297A5FEE00B1676C /* AttendanceDetailStatusView.swift in Sources */ = {isa = PBXBuildFile; fileRef = 2807AAA0297A5FEE00B1676C /* AttendanceDetailStatusView.swift */; };
		2869DE332977AC1D00D8CAFB /* LoginView.swift in Sources */ = {isa = PBXBuildFile; fileRef = 2869DE322977AC1D00D8CAFB /* LoginView.swift */; };
		2869DE362977B00C00D8CAFB /* GoogleSignIn in Frameworks */ = {isa = PBXBuildFile; productRef = 2869DE352977B00C00D8CAFB /* GoogleSignIn */; };
		2869DE382977B00C00D8CAFB /* GoogleSignInSwift in Frameworks */ = {isa = PBXBuildFile; productRef = 2869DE372977B00C00D8CAFB /* GoogleSignInSwift */; };
		2869DE3E2977CC5400D8CAFB /* AttendanceView.swift in Sources */ = {isa = PBXBuildFile; fileRef = 2869DE3D2977CC5400D8CAFB /* AttendanceView.swift */; };
		2869DE402977CC8800D8CAFB /* AttendanceCellView.swift in Sources */ = {isa = PBXBuildFile; fileRef = 2869DE3F2977CC8800D8CAFB /* AttendanceCellView.swift */; };
		2869DE422977CD4B00D8CAFB /* AttendanceDetailView.swift in Sources */ = {isa = PBXBuildFile; fileRef = 2869DE412977CD4B00D8CAFB /* AttendanceDetailView.swift */; };
		2869DE442977CF0200D8CAFB /* LateCostCellView.swift in Sources */ = {isa = PBXBuildFile; fileRef = 2869DE432977CF0200D8CAFB /* LateCostCellView.swift */; };
		2BDA61EF2977BC0B00FDD307 /* GroupMainView.swift in Sources */ = {isa = PBXBuildFile; fileRef = 2BDA61EE2977BC0B00FDD307 /* GroupMainView.swift */; };
		2BDA61F12977C6CE00FDD307 /* MakeGroupModalView.swift in Sources */ = {isa = PBXBuildFile; fileRef = 2BDA61F02977C6CE00FDD307 /* MakeGroupModalView.swift */; };
		2BDA61F32977C72B00FDD307 /* JoinGruopModalView.swift in Sources */ = {isa = PBXBuildFile; fileRef = 2BDA61F22977C72B00FDD307 /* JoinGruopModalView.swift */; };
		2BDA61F52977D2C400FDD307 /* Modifiers.swift in Sources */ = {isa = PBXBuildFile; fileRef = 2BDA61F42977D2C300FDD307 /* Modifiers.swift */; };
		2BDA61F9297E939500FDD307 /* MainPlusSheetView.swift in Sources */ = {isa = PBXBuildFile; fileRef = 2BDA61F8297E939500FDD307 /* MainPlusSheetView.swift */; };
		2BDA61FD2982705700FDD307 /* CustomTextField.swift in Sources */ = {isa = PBXBuildFile; fileRef = 2BDA61FC2982705700FDD307 /* CustomTextField.swift */; };
		864DC4852977B111005DB201 /* CalendarView.swift in Sources */ = {isa = PBXBuildFile; fileRef = 864DC4842977B111005DB201 /* CalendarView.swift */; };
		864DC4872977B19F005DB201 /* TaskView.swift in Sources */ = {isa = PBXBuildFile; fileRef = 864DC4862977B19F005DB201 /* TaskView.swift */; };
		864DC4892977B2F9005DB201 /* CustomDatePickerView.swift in Sources */ = {isa = PBXBuildFile; fileRef = 864DC4882977B2F9005DB201 /* CustomDatePickerView.swift */; };
		864DC48F2977B962005DB201 /* DateValue.swift in Sources */ = {isa = PBXBuildFile; fileRef = 864DC48E2977B962005DB201 /* DateValue.swift */; };
		864DC4912977DF8C005DB201 /* PickerView.swift in Sources */ = {isa = PBXBuildFile; fileRef = 864DC4902977DF8C005DB201 /* PickerView.swift */; };
		A5C48C0D297A506D007D49DF /* GroupInformationView.swift in Sources */ = {isa = PBXBuildFile; fileRef = A5C48C0C297A506D007D49DF /* GroupInformationView.swift */; };
		A5C48C0F297A5221007D49DF /* GroupPosition.swift in Sources */ = {isa = PBXBuildFile; fileRef = A5C48C0E297A5221007D49DF /* GroupPosition.swift */; };
		A5C48C11297A606D007D49DF /* GroupMemberListCell.swift in Sources */ = {isa = PBXBuildFile; fileRef = A5C48C10297A606D007D49DF /* GroupMemberListCell.swift */; };
		A5FF27A02977AD3F0059C312 /* MyPageView.swift in Sources */ = {isa = PBXBuildFile; fileRef = A5FF279F2977AD3E0059C312 /* MyPageView.swift */; };
		A5FF27A22977AD640059C312 /* QuestionView.swift in Sources */ = {isa = PBXBuildFile; fileRef = A5FF27A12977AD630059C312 /* QuestionView.swift */; };
		A5FF27A42977AEF80059C312 /* MyPageButton.swift in Sources */ = {isa = PBXBuildFile; fileRef = A5FF27A32977AEF80059C312 /* MyPageButton.swift */; };
		A5FF27A62977BD130059C312 /* Profile.swift in Sources */ = {isa = PBXBuildFile; fileRef = A5FF27A52977BD130059C312 /* Profile.swift */; };
		A5FF27A82977C3F30059C312 /* PremiumRateView.swift in Sources */ = {isa = PBXBuildFile; fileRef = A5FF27A72977C3F30059C312 /* PremiumRateView.swift */; };
		A5FF27AA2977D1D00059C312 /* QuitGroupAlert.swift in Sources */ = {isa = PBXBuildFile; fileRef = A5FF27A92977D1D00059C312 /* QuitGroupAlert.swift */; };
		A5FF27AC2977D2640059C312 /* alertTestView.swift in Sources */ = {isa = PBXBuildFile; fileRef = A5FF27AB2977D2640059C312 /* alertTestView.swift */; };
		FD2D07F7297BFCB900CC010E /* GeoCodingResponse.swift in Sources */ = {isa = PBXBuildFile; fileRef = FD2D07F6297BFCB900CC010E /* GeoCodingResponse.swift */; };
		FD2D07FB297BFDEC00CC010E /* GeoCodingService.swift in Sources */ = {isa = PBXBuildFile; fileRef = FD2D07FA297BFDEC00CC010E /* GeoCodingService.swift */; };
		FD2D07FE297BFE3000CC010E /* Alamofire in Frameworks */ = {isa = PBXBuildFile; productRef = FD2D07FD297BFE3000CC010E /* Alamofire */; };
		FD2D0800297C0FB100CC010E /* CustomSymbols.swift in Sources */ = {isa = PBXBuildFile; fileRef = FD2D07FF297C0FB100CC010E /* CustomSymbols.swift */; };
		FD4E259D297783CC00F6F875 /* CheckItApp.swift in Sources */ = {isa = PBXBuildFile; fileRef = FD4E259C297783CC00F6F875 /* CheckItApp.swift */; };
		FD4E259F297783CC00F6F875 /* ContentView.swift in Sources */ = {isa = PBXBuildFile; fileRef = FD4E259E297783CC00F6F875 /* ContentView.swift */; };
		FD4E25A1297783CC00F6F875 /* Assets.xcassets in Resources */ = {isa = PBXBuildFile; fileRef = FD4E25A0297783CC00F6F875 /* Assets.xcassets */; };
		FD4E25A4297783CC00F6F875 /* Preview Assets.xcassets in Resources */ = {isa = PBXBuildFile; fileRef = FD4E25A3297783CC00F6F875 /* Preview Assets.xcassets */; };
		FD4E25AE297783CD00F6F875 /* CheckItTests.swift in Sources */ = {isa = PBXBuildFile; fileRef = FD4E25AD297783CD00F6F875 /* CheckItTests.swift */; };
		FD4E25B8297783CD00F6F875 /* CheckItUITests.swift in Sources */ = {isa = PBXBuildFile; fileRef = FD4E25B7297783CD00F6F875 /* CheckItUITests.swift */; };
		FD4E25BA297783CD00F6F875 /* CheckItUITestsLaunchTests.swift in Sources */ = {isa = PBXBuildFile; fileRef = FD4E25B9297783CD00F6F875 /* CheckItUITestsLaunchTests.swift */; };
		FD4E25D12977849900F6F875 /* ColorExtension.swift in Sources */ = {isa = PBXBuildFile; fileRef = FD4E25D02977849900F6F875 /* ColorExtension.swift */; };
		FD4E25D32977859E00F6F875 /* GoogleService-Info.plist in Resources */ = {isa = PBXBuildFile; fileRef = FD4E25D22977859E00F6F875 /* GoogleService-Info.plist */; };
		FD4E25D6297785E800F6F875 /* FirebaseAnalytics in Frameworks */ = {isa = PBXBuildFile; productRef = FD4E25D5297785E800F6F875 /* FirebaseAnalytics */; };
		FD4E25D8297785E800F6F875 /* FirebaseAnalyticsOnDeviceConversion in Frameworks */ = {isa = PBXBuildFile; productRef = FD4E25D7297785E800F6F875 /* FirebaseAnalyticsOnDeviceConversion */; };
		FD4E25DA297785E800F6F875 /* FirebaseAnalyticsSwift in Frameworks */ = {isa = PBXBuildFile; productRef = FD4E25D9297785E800F6F875 /* FirebaseAnalyticsSwift */; };
		FD4E25DC297785E800F6F875 /* FirebaseAnalyticsWithoutAdIdSupport in Frameworks */ = {isa = PBXBuildFile; productRef = FD4E25DB297785E800F6F875 /* FirebaseAnalyticsWithoutAdIdSupport */; };
		FD4E25DE297785E800F6F875 /* FirebaseAuth in Frameworks */ = {isa = PBXBuildFile; productRef = FD4E25DD297785E800F6F875 /* FirebaseAuth */; };
		FD4E25E0297785E800F6F875 /* FirebaseAuthCombine-Community in Frameworks */ = {isa = PBXBuildFile; productRef = FD4E25DF297785E800F6F875 /* FirebaseAuthCombine-Community */; };
		FD4E25E2297785E800F6F875 /* FirebaseDatabase in Frameworks */ = {isa = PBXBuildFile; productRef = FD4E25E1297785E800F6F875 /* FirebaseDatabase */; };
		FD4E25E4297785E800F6F875 /* FirebaseDatabaseSwift in Frameworks */ = {isa = PBXBuildFile; productRef = FD4E25E3297785E800F6F875 /* FirebaseDatabaseSwift */; };
		FD4E25E6297785E800F6F875 /* FirebaseFirestore in Frameworks */ = {isa = PBXBuildFile; productRef = FD4E25E5297785E800F6F875 /* FirebaseFirestore */; };
		FD4E25E8297785E800F6F875 /* FirebaseFirestoreCombine-Community in Frameworks */ = {isa = PBXBuildFile; productRef = FD4E25E7297785E800F6F875 /* FirebaseFirestoreCombine-Community */; };
		FD4E25EA297785E800F6F875 /* FirebaseFirestoreSwift in Frameworks */ = {isa = PBXBuildFile; productRef = FD4E25E9297785E800F6F875 /* FirebaseFirestoreSwift */; };
		FD4E25EC297785E800F6F875 /* FirebaseStorage in Frameworks */ = {isa = PBXBuildFile; productRef = FD4E25EB297785E800F6F875 /* FirebaseStorage */; };
		FD4E25EE297785E800F6F875 /* FirebaseStorageCombine-Community in Frameworks */ = {isa = PBXBuildFile; productRef = FD4E25ED297785E800F6F875 /* FirebaseStorageCombine-Community */; };
		FD4E25F02977AC8500F6F875 /* CheckItCard.swift in Sources */ = {isa = PBXBuildFile; fileRef = FD4E25EF2977AC8500F6F875 /* CheckItCard.swift */; };
		FD4E25F22977AF8B00F6F875 /* CheckItButtonLabel.swift in Sources */ = {isa = PBXBuildFile; fileRef = FD4E25F12977AF8B00F6F875 /* CheckItButtonLabel.swift */; };
		FD4E25F42977B20800F6F875 /* DdayLabel.swift in Sources */ = {isa = PBXBuildFile; fileRef = FD4E25F32977B20800F6F875 /* DdayLabel.swift */; };
		FD4E25F62977B84A00F6F875 /* CheckMainView.swift in Sources */ = {isa = PBXBuildFile; fileRef = FD4E25F52977B84A00F6F875 /* CheckMainView.swift */; };
		FD4E25F82977B9E900F6F875 /* CheckMapView.swift in Sources */ = {isa = PBXBuildFile; fileRef = FD4E25F72977B9E900F6F875 /* CheckMapView.swift */; };
		FD4E25FA2977BA6600F6F875 /* QRSheetView.swift in Sources */ = {isa = PBXBuildFile; fileRef = FD4E25F92977BA6600F6F875 /* QRSheetView.swift */; };
		FD4E25FE2977C44C00F6F875 /* QRButtonLabel.swift in Sources */ = {isa = PBXBuildFile; fileRef = FD4E25FD2977C44C00F6F875 /* QRButtonLabel.swift */; };
		FDE58061297A53A600B7AC28 /* ToastAlert.swift in Sources */ = {isa = PBXBuildFile; fileRef = FDE58060297A53A500B7AC28 /* ToastAlert.swift */; };
/* End PBXBuildFile section */

/* Begin PBXContainerItemProxy section */
		FD4E25AA297783CD00F6F875 /* PBXContainerItemProxy */ = {
			isa = PBXContainerItemProxy;
			containerPortal = FD4E2591297783CC00F6F875 /* Project object */;
			proxyType = 1;
			remoteGlobalIDString = FD4E2598297783CC00F6F875;
			remoteInfo = CheckIt;
		};
		FD4E25B4297783CD00F6F875 /* PBXContainerItemProxy */ = {
			isa = PBXContainerItemProxy;
			containerPortal = FD4E2591297783CC00F6F875 /* Project object */;
			proxyType = 1;
			remoteGlobalIDString = FD4E2598297783CC00F6F875;
			remoteInfo = CheckIt;
		};
/* End PBXContainerItemProxy section */

/* Begin PBXFileReference section */
		1A41F43F2977A8D40051F464 /* GroupScheduleView.swift */ = {isa = PBXFileReference; lastKnownFileType = sourcecode.swift; path = GroupScheduleView.swift; sourceTree = "<group>"; };
		1A41F4412977A8F70051F464 /* AddScheduleView.swift */ = {isa = PBXFileReference; lastKnownFileType = sourcecode.swift; path = AddScheduleView.swift; sourceTree = "<group>"; };
		1A41F4432977AA600051F464 /* AttendanceStatusView.swift */ = {isa = PBXFileReference; lastKnownFileType = sourcecode.swift; path = AttendanceStatusView.swift; sourceTree = "<group>"; };
		1A41F4452977AA820051F464 /* LateFeeView.swift */ = {isa = PBXFileReference; lastKnownFileType = sourcecode.swift; path = LateFeeView.swift; sourceTree = "<group>"; };
		1A41F4472977AE3C0051F464 /* CategoryView.swift */ = {isa = PBXFileReference; lastKnownFileType = sourcecode.swift; path = CategoryView.swift; sourceTree = "<group>"; };
		2807AA98297A514D00B1676C /* AttendanceCategory.swift */ = {isa = PBXFileReference; lastKnownFileType = sourcecode.swift; path = AttendanceCategory.swift; sourceTree = "<group>"; };
		2807AA9A297A536300B1676C /* AttendanceCategoryView.swift */ = {isa = PBXFileReference; lastKnownFileType = sourcecode.swift; path = AttendanceCategoryView.swift; sourceTree = "<group>"; };
		2807AA9C297A5E0500B1676C /* AttendancePickerView.swift */ = {isa = PBXFileReference; lastKnownFileType = sourcecode.swift; path = AttendancePickerView.swift; sourceTree = "<group>"; };
		2807AAA0297A5FEE00B1676C /* AttendanceDetailStatusView.swift */ = {isa = PBXFileReference; lastKnownFileType = sourcecode.swift; path = AttendanceDetailStatusView.swift; sourceTree = "<group>"; };
		2869DE322977AC1D00D8CAFB /* LoginView.swift */ = {isa = PBXFileReference; lastKnownFileType = sourcecode.swift; path = LoginView.swift; sourceTree = "<group>"; };
		2869DE3D2977CC5400D8CAFB /* AttendanceView.swift */ = {isa = PBXFileReference; lastKnownFileType = sourcecode.swift; path = AttendanceView.swift; sourceTree = "<group>"; };
		2869DE3F2977CC8800D8CAFB /* AttendanceCellView.swift */ = {isa = PBXFileReference; lastKnownFileType = sourcecode.swift; path = AttendanceCellView.swift; sourceTree = "<group>"; };
		2869DE412977CD4B00D8CAFB /* AttendanceDetailView.swift */ = {isa = PBXFileReference; lastKnownFileType = sourcecode.swift; path = AttendanceDetailView.swift; sourceTree = "<group>"; };
		2869DE432977CF0200D8CAFB /* LateCostCellView.swift */ = {isa = PBXFileReference; lastKnownFileType = sourcecode.swift; path = LateCostCellView.swift; sourceTree = "<group>"; };
		2BDA61EE2977BC0B00FDD307 /* GroupMainView.swift */ = {isa = PBXFileReference; lastKnownFileType = sourcecode.swift; path = GroupMainView.swift; sourceTree = "<group>"; };
		2BDA61F02977C6CE00FDD307 /* MakeGroupModalView.swift */ = {isa = PBXFileReference; lastKnownFileType = sourcecode.swift; path = MakeGroupModalView.swift; sourceTree = "<group>"; };
		2BDA61F22977C72B00FDD307 /* JoinGruopModalView.swift */ = {isa = PBXFileReference; lastKnownFileType = sourcecode.swift; path = JoinGruopModalView.swift; sourceTree = "<group>"; };
		2BDA61F42977D2C300FDD307 /* Modifiers.swift */ = {isa = PBXFileReference; lastKnownFileType = sourcecode.swift; path = Modifiers.swift; sourceTree = "<group>"; };
		2BDA61F8297E939500FDD307 /* MainPlusSheetView.swift */ = {isa = PBXFileReference; lastKnownFileType = sourcecode.swift; path = MainPlusSheetView.swift; sourceTree = "<group>"; };
		2BDA61FC2982705700FDD307 /* CustomTextField.swift */ = {isa = PBXFileReference; lastKnownFileType = sourcecode.swift; path = CustomTextField.swift; sourceTree = "<group>"; };
		864DC4842977B111005DB201 /* CalendarView.swift */ = {isa = PBXFileReference; lastKnownFileType = sourcecode.swift; path = CalendarView.swift; sourceTree = "<group>"; };
		864DC4862977B19F005DB201 /* TaskView.swift */ = {isa = PBXFileReference; lastKnownFileType = sourcecode.swift; path = TaskView.swift; sourceTree = "<group>"; };
		864DC4882977B2F9005DB201 /* CustomDatePickerView.swift */ = {isa = PBXFileReference; lastKnownFileType = sourcecode.swift; path = CustomDatePickerView.swift; sourceTree = "<group>"; };
		864DC48E2977B962005DB201 /* DateValue.swift */ = {isa = PBXFileReference; lastKnownFileType = sourcecode.swift; path = DateValue.swift; sourceTree = "<group>"; };
		864DC4902977DF8C005DB201 /* PickerView.swift */ = {isa = PBXFileReference; lastKnownFileType = sourcecode.swift; path = PickerView.swift; sourceTree = "<group>"; };
		A5C48C0C297A506D007D49DF /* GroupInformationView.swift */ = {isa = PBXFileReference; lastKnownFileType = sourcecode.swift; path = GroupInformationView.swift; sourceTree = "<group>"; };
		A5C48C0E297A5221007D49DF /* GroupPosition.swift */ = {isa = PBXFileReference; lastKnownFileType = sourcecode.swift; path = GroupPosition.swift; sourceTree = "<group>"; };
		A5C48C10297A606D007D49DF /* GroupMemberListCell.swift */ = {isa = PBXFileReference; lastKnownFileType = sourcecode.swift; path = GroupMemberListCell.swift; sourceTree = "<group>"; };
		A5FF279F2977AD3E0059C312 /* MyPageView.swift */ = {isa = PBXFileReference; lastKnownFileType = sourcecode.swift; path = MyPageView.swift; sourceTree = "<group>"; };
		A5FF27A12977AD630059C312 /* QuestionView.swift */ = {isa = PBXFileReference; lastKnownFileType = sourcecode.swift; path = QuestionView.swift; sourceTree = "<group>"; };
		A5FF27A32977AEF80059C312 /* MyPageButton.swift */ = {isa = PBXFileReference; lastKnownFileType = sourcecode.swift; path = MyPageButton.swift; sourceTree = "<group>"; };
		A5FF27A52977BD130059C312 /* Profile.swift */ = {isa = PBXFileReference; lastKnownFileType = sourcecode.swift; path = Profile.swift; sourceTree = "<group>"; };
		A5FF27A72977C3F30059C312 /* PremiumRateView.swift */ = {isa = PBXFileReference; lastKnownFileType = sourcecode.swift; path = PremiumRateView.swift; sourceTree = "<group>"; };
		A5FF27A92977D1D00059C312 /* QuitGroupAlert.swift */ = {isa = PBXFileReference; lastKnownFileType = sourcecode.swift; path = QuitGroupAlert.swift; sourceTree = "<group>"; };
		A5FF27AB2977D2640059C312 /* alertTestView.swift */ = {isa = PBXFileReference; lastKnownFileType = sourcecode.swift; path = alertTestView.swift; sourceTree = "<group>"; };
		FD2D07F6297BFCB900CC010E /* GeoCodingResponse.swift */ = {isa = PBXFileReference; lastKnownFileType = sourcecode.swift; path = GeoCodingResponse.swift; sourceTree = "<group>"; };
		FD2D07FA297BFDEC00CC010E /* GeoCodingService.swift */ = {isa = PBXFileReference; lastKnownFileType = sourcecode.swift; path = GeoCodingService.swift; sourceTree = "<group>"; };
		FD2D07FF297C0FB100CC010E /* CustomSymbols.swift */ = {isa = PBXFileReference; lastKnownFileType = sourcecode.swift; path = CustomSymbols.swift; sourceTree = "<group>"; };
		FD4E2599297783CC00F6F875 /* CheckIt.app */ = {isa = PBXFileReference; explicitFileType = wrapper.application; includeInIndex = 0; path = CheckIt.app; sourceTree = BUILT_PRODUCTS_DIR; };
		FD4E259C297783CC00F6F875 /* CheckItApp.swift */ = {isa = PBXFileReference; lastKnownFileType = sourcecode.swift; path = CheckItApp.swift; sourceTree = "<group>"; };
		FD4E259E297783CC00F6F875 /* ContentView.swift */ = {isa = PBXFileReference; lastKnownFileType = sourcecode.swift; path = ContentView.swift; sourceTree = "<group>"; };
		FD4E25A0297783CC00F6F875 /* Assets.xcassets */ = {isa = PBXFileReference; lastKnownFileType = folder.assetcatalog; path = Assets.xcassets; sourceTree = "<group>"; };
		FD4E25A3297783CC00F6F875 /* Preview Assets.xcassets */ = {isa = PBXFileReference; lastKnownFileType = folder.assetcatalog; path = "Preview Assets.xcassets"; sourceTree = "<group>"; };
		FD4E25A9297783CD00F6F875 /* CheckItTests.xctest */ = {isa = PBXFileReference; explicitFileType = wrapper.cfbundle; includeInIndex = 0; path = CheckItTests.xctest; sourceTree = BUILT_PRODUCTS_DIR; };
		FD4E25AD297783CD00F6F875 /* CheckItTests.swift */ = {isa = PBXFileReference; lastKnownFileType = sourcecode.swift; path = CheckItTests.swift; sourceTree = "<group>"; };
		FD4E25B3297783CD00F6F875 /* CheckItUITests.xctest */ = {isa = PBXFileReference; explicitFileType = wrapper.cfbundle; includeInIndex = 0; path = CheckItUITests.xctest; sourceTree = BUILT_PRODUCTS_DIR; };
		FD4E25B7297783CD00F6F875 /* CheckItUITests.swift */ = {isa = PBXFileReference; lastKnownFileType = sourcecode.swift; path = CheckItUITests.swift; sourceTree = "<group>"; };
		FD4E25B9297783CD00F6F875 /* CheckItUITestsLaunchTests.swift */ = {isa = PBXFileReference; lastKnownFileType = sourcecode.swift; path = CheckItUITestsLaunchTests.swift; sourceTree = "<group>"; };
		FD4E25D02977849900F6F875 /* ColorExtension.swift */ = {isa = PBXFileReference; lastKnownFileType = sourcecode.swift; path = ColorExtension.swift; sourceTree = "<group>"; };
		FD4E25D22977859E00F6F875 /* GoogleService-Info.plist */ = {isa = PBXFileReference; fileEncoding = 4; lastKnownFileType = text.plist.xml; path = "GoogleService-Info.plist"; sourceTree = "<group>"; };
		FD4E25EF2977AC8500F6F875 /* CheckItCard.swift */ = {isa = PBXFileReference; lastKnownFileType = sourcecode.swift; path = CheckItCard.swift; sourceTree = "<group>"; };
		FD4E25F12977AF8B00F6F875 /* CheckItButtonLabel.swift */ = {isa = PBXFileReference; lastKnownFileType = sourcecode.swift; path = CheckItButtonLabel.swift; sourceTree = "<group>"; };
		FD4E25F32977B20800F6F875 /* DdayLabel.swift */ = {isa = PBXFileReference; lastKnownFileType = sourcecode.swift; path = DdayLabel.swift; sourceTree = "<group>"; };
		FD4E25F52977B84A00F6F875 /* CheckMainView.swift */ = {isa = PBXFileReference; lastKnownFileType = sourcecode.swift; path = CheckMainView.swift; sourceTree = "<group>"; };
		FD4E25F72977B9E900F6F875 /* CheckMapView.swift */ = {isa = PBXFileReference; lastKnownFileType = sourcecode.swift; path = CheckMapView.swift; sourceTree = "<group>"; };
		FD4E25F92977BA6600F6F875 /* QRSheetView.swift */ = {isa = PBXFileReference; lastKnownFileType = sourcecode.swift; path = QRSheetView.swift; sourceTree = "<group>"; };
		FD4E25FD2977C44C00F6F875 /* QRButtonLabel.swift */ = {isa = PBXFileReference; lastKnownFileType = sourcecode.swift; path = QRButtonLabel.swift; sourceTree = "<group>"; };
		FDE58060297A53A500B7AC28 /* ToastAlert.swift */ = {isa = PBXFileReference; lastKnownFileType = sourcecode.swift; path = ToastAlert.swift; sourceTree = "<group>"; };
/* End PBXFileReference section */

/* Begin PBXFrameworksBuildPhase section */
		FD4E2596297783CC00F6F875 /* Frameworks */ = {
			isa = PBXFrameworksBuildPhase;
			buildActionMask = 2147483647;
			files = (
				2869DE382977B00C00D8CAFB /* GoogleSignInSwift in Frameworks */,
				FD4E25E4297785E800F6F875 /* FirebaseDatabaseSwift in Frameworks */,
				FD4E25DA297785E800F6F875 /* FirebaseAnalyticsSwift in Frameworks */,
				FD4E25E0297785E800F6F875 /* FirebaseAuthCombine-Community in Frameworks */,
				FD4E25EE297785E800F6F875 /* FirebaseStorageCombine-Community in Frameworks */,
				FD4E25E8297785E800F6F875 /* FirebaseFirestoreCombine-Community in Frameworks */,
				FD4E25DE297785E800F6F875 /* FirebaseAuth in Frameworks */,
				FD4E25EC297785E800F6F875 /* FirebaseStorage in Frameworks */,
				FD4E25EA297785E800F6F875 /* FirebaseFirestoreSwift in Frameworks */,
				FD2D07FE297BFE3000CC010E /* Alamofire in Frameworks */,
				FD4E25D6297785E800F6F875 /* FirebaseAnalytics in Frameworks */,
				FD4E25E6297785E800F6F875 /* FirebaseFirestore in Frameworks */,
				FD4E25D8297785E800F6F875 /* FirebaseAnalyticsOnDeviceConversion in Frameworks */,
				FD4E25E2297785E800F6F875 /* FirebaseDatabase in Frameworks */,
				FD4E25DC297785E800F6F875 /* FirebaseAnalyticsWithoutAdIdSupport in Frameworks */,
				2869DE362977B00C00D8CAFB /* GoogleSignIn in Frameworks */,
			);
			runOnlyForDeploymentPostprocessing = 0;
		};
		FD4E25A6297783CD00F6F875 /* Frameworks */ = {
			isa = PBXFrameworksBuildPhase;
			buildActionMask = 2147483647;
			files = (
			);
			runOnlyForDeploymentPostprocessing = 0;
		};
		FD4E25B0297783CD00F6F875 /* Frameworks */ = {
			isa = PBXFrameworksBuildPhase;
			buildActionMask = 2147483647;
			files = (
			);
			runOnlyForDeploymentPostprocessing = 0;
		};
/* End PBXFrameworksBuildPhase section */

/* Begin PBXGroup section */
		2807AA97297A4AFC00B1676C /* Master */ = {
			isa = PBXGroup;
			children = (
				2869DE412977CD4B00D8CAFB /* AttendanceDetailView.swift */,
				2869DE3D2977CC5400D8CAFB /* AttendanceView.swift */,
				2869DE3F2977CC8800D8CAFB /* AttendanceCellView.swift */,
				2869DE432977CF0200D8CAFB /* LateCostCellView.swift */,
				2807AA9A297A536300B1676C /* AttendanceCategoryView.swift */,
				2807AA9C297A5E0500B1676C /* AttendancePickerView.swift */,
				2807AAA0297A5FEE00B1676C /* AttendanceDetailStatusView.swift */,
			);
			path = Master;
			sourceTree = "<group>";
		};
		FD2D07F8297BFD2500CC010E /* API */ = {
			isa = PBXGroup;
			children = (
				FD2D07F6297BFCB900CC010E /* GeoCodingResponse.swift */,
				FD2D07FA297BFDEC00CC010E /* GeoCodingService.swift */,
			);
			path = API;
			sourceTree = "<group>";
		};
		FD4E2590297783CC00F6F875 = {
			isa = PBXGroup;
			children = (
				FD4E259B297783CC00F6F875 /* CheckIt */,
				FD4E25AC297783CD00F6F875 /* CheckItTests */,
				FD4E25B6297783CD00F6F875 /* CheckItUITests */,
				FD4E259A297783CC00F6F875 /* Products */,
			);
			sourceTree = "<group>";
		};
		FD4E259A297783CC00F6F875 /* Products */ = {
			isa = PBXGroup;
			children = (
				FD4E2599297783CC00F6F875 /* CheckIt.app */,
				FD4E25A9297783CD00F6F875 /* CheckItTests.xctest */,
				FD4E25B3297783CD00F6F875 /* CheckItUITests.xctest */,
			);
			name = Products;
			sourceTree = "<group>";
		};
		FD4E259B297783CC00F6F875 /* CheckIt */ = {
			isa = PBXGroup;
			children = (
				FD4E25D22977859E00F6F875 /* GoogleService-Info.plist */,
				FD4E259C297783CC00F6F875 /* CheckItApp.swift */,
				FD2D07F8297BFD2500CC010E /* API */,
				FD4E25C9297783F000F6F875 /* UIConfig */,
				FD4E25C7297783D900F6F875 /* Model */,
				FD4E25C8297783E000F6F875 /* ViewModel */,
				FD4E25C6297783D000F6F875 /* View */,
				FD4E25A0297783CC00F6F875 /* Assets.xcassets */,
				FD4E25A2297783CC00F6F875 /* Preview Content */,
			);
			path = CheckIt;
			sourceTree = "<group>";
		};
		FD4E25A2297783CC00F6F875 /* Preview Content */ = {
			isa = PBXGroup;
			children = (
				FD4E25A3297783CC00F6F875 /* Preview Assets.xcassets */,
			);
			path = "Preview Content";
			sourceTree = "<group>";
		};
		FD4E25AC297783CD00F6F875 /* CheckItTests */ = {
			isa = PBXGroup;
			children = (
				FD4E25AD297783CD00F6F875 /* CheckItTests.swift */,
			);
			path = CheckItTests;
			sourceTree = "<group>";
		};
		FD4E25B6297783CD00F6F875 /* CheckItUITests */ = {
			isa = PBXGroup;
			children = (
				FD4E25B7297783CD00F6F875 /* CheckItUITests.swift */,
				FD4E25B9297783CD00F6F875 /* CheckItUITestsLaunchTests.swift */,
			);
			path = CheckItUITests;
			sourceTree = "<group>";
		};
		FD4E25C6297783D000F6F875 /* View */ = {
			isa = PBXGroup;
			children = (
				FD4E259E297783CC00F6F875 /* ContentView.swift */,
				FD4E25CF2977845E00F6F875 /* Check */,
				FD4E25CC2977841900F6F875 /* Group */,
				FD4E25CD2977842200F6F875 /* Calendar */,
				FD4E25CE2977842A00F6F875 /* MyPage */,
				FD4E25CB2977840F00F6F875 /* Login */,
			);
			path = View;
			sourceTree = "<group>";
		};
		FD4E25C7297783D900F6F875 /* Model */ = {
			isa = PBXGroup;
			children = (
				864DC48E2977B962005DB201 /* DateValue.swift */,
				2807AA98297A514D00B1676C /* AttendanceCategory.swift */,
			);
			path = Model;
			sourceTree = "<group>";
		};
		FD4E25C8297783E000F6F875 /* ViewModel */ = {
			isa = PBXGroup;
			children = (
			);
			path = ViewModel;
			sourceTree = "<group>";
		};
		FD4E25C9297783F000F6F875 /* UIConfig */ = {
			isa = PBXGroup;
			children = (
				FD4E25D02977849900F6F875 /* ColorExtension.swift */,
				FD2D07FF297C0FB100CC010E /* CustomSymbols.swift */,
			);
			path = UIConfig;
			sourceTree = "<group>";
		};
		FD4E25CB2977840F00F6F875 /* Login */ = {
			isa = PBXGroup;
			children = (
				2869DE322977AC1D00D8CAFB /* LoginView.swift */,
			);
			path = Login;
			sourceTree = "<group>";
		};
		FD4E25CC2977841900F6F875 /* Group */ = {
			isa = PBXGroup;
			children = (
				FDE5805F297A48C100B7AC28 /* Main */,
				FDE5805E297A381700B7AC28 /* Schedule */,
				FDE5805D297A380200B7AC28 /* Attendance */,
				FDE5805C297A37E300B7AC28 /* Information */,
				2BDA61F42977D2C300FDD307 /* Modifiers.swift */,
				A5FF27AB2977D2640059C312 /* alertTestView.swift */,
				1A41F4472977AE3C0051F464 /* CategoryView.swift */,
			);
			path = Group;
			sourceTree = "<group>";
		};
		FD4E25CD2977842200F6F875 /* Calendar */ = {
			isa = PBXGroup;
			children = (
				864DC4842977B111005DB201 /* CalendarView.swift */,
				864DC4882977B2F9005DB201 /* CustomDatePickerView.swift */,
				864DC4862977B19F005DB201 /* TaskView.swift */,
				864DC4902977DF8C005DB201 /* PickerView.swift */,
			);
			path = Calendar;
			sourceTree = "<group>";
		};
		FD4E25CE2977842A00F6F875 /* MyPage */ = {
			isa = PBXGroup;
			children = (
				A5FF279F2977AD3E0059C312 /* MyPageView.swift */,
				A5FF27A12977AD630059C312 /* QuestionView.swift */,
				A5FF27A32977AEF80059C312 /* MyPageButton.swift */,
				A5FF27A52977BD130059C312 /* Profile.swift */,
				A5FF27A72977C3F30059C312 /* PremiumRateView.swift */,
			);
			path = MyPage;
			sourceTree = "<group>";
		};
		FD4E25CF2977845E00F6F875 /* Check */ = {
			isa = PBXGroup;
			children = (
				FD4E25EF2977AC8500F6F875 /* CheckItCard.swift */,
				FD4E25F72977B9E900F6F875 /* CheckMapView.swift */,
				FD4E25FD2977C44C00F6F875 /* QRButtonLabel.swift */,
				FD4E25F92977BA6600F6F875 /* QRSheetView.swift */,
				FD4E25F52977B84A00F6F875 /* CheckMainView.swift */,
				FD4E25F32977B20800F6F875 /* DdayLabel.swift */,
				FD4E25F12977AF8B00F6F875 /* CheckItButtonLabel.swift */,
				FDE58060297A53A500B7AC28 /* ToastAlert.swift */,
			);
			path = Check;
			sourceTree = "<group>";
		};
		FDE5805C297A37E300B7AC28 /* Information */ = {
			isa = PBXGroup;
			children = (
				A5FF27A92977D1D00059C312 /* QuitGroupAlert.swift */,
				A5C48C0C297A506D007D49DF /* GroupInformationView.swift */,
				A5C48C0E297A5221007D49DF /* GroupPosition.swift */,
				A5C48C10297A606D007D49DF /* GroupMemberListCell.swift */,
			);
			path = Information;
			sourceTree = "<group>";
		};
		FDE5805D297A380200B7AC28 /* Attendance */ = {
			isa = PBXGroup;
			children = (
				2807AA97297A4AFC00B1676C /* Master */,
				1A41F4432977AA600051F464 /* AttendanceStatusView.swift */,
				1A41F4452977AA820051F464 /* LateFeeView.swift */,
			);
			path = Attendance;
			sourceTree = "<group>";
		};
		FDE5805E297A381700B7AC28 /* Schedule */ = {
			isa = PBXGroup;
			children = (
				1A41F43F2977A8D40051F464 /* GroupScheduleView.swift */,
				1A41F4412977A8F70051F464 /* AddScheduleView.swift */,
			);
			path = Schedule;
			sourceTree = "<group>";
		};
		FDE5805F297A48C100B7AC28 /* Main */ = {
			isa = PBXGroup;
			children = (
				2BDA61EE2977BC0B00FDD307 /* GroupMainView.swift */,
				2BDA61F02977C6CE00FDD307 /* MakeGroupModalView.swift */,
				2BDA61F22977C72B00FDD307 /* JoinGruopModalView.swift */,
				2BDA61F8297E939500FDD307 /* MainPlusSheetView.swift */,
				2BDA61FC2982705700FDD307 /* CustomTextField.swift */,
			);
			path = Main;
			sourceTree = "<group>";
		};
/* End PBXGroup section */

/* Begin PBXNativeTarget section */
		FD4E2598297783CC00F6F875 /* CheckIt */ = {
			isa = PBXNativeTarget;
			buildConfigurationList = FD4E25BD297783CD00F6F875 /* Build configuration list for PBXNativeTarget "CheckIt" */;
			buildPhases = (
				FD4E2595297783CC00F6F875 /* Sources */,
				FD4E2596297783CC00F6F875 /* Frameworks */,
				FD4E2597297783CC00F6F875 /* Resources */,
			);
			buildRules = (
			);
			dependencies = (
			);
			name = CheckIt;
			packageProductDependencies = (
				FD4E25D5297785E800F6F875 /* FirebaseAnalytics */,
				FD4E25D7297785E800F6F875 /* FirebaseAnalyticsOnDeviceConversion */,
				FD4E25D9297785E800F6F875 /* FirebaseAnalyticsSwift */,
				FD4E25DB297785E800F6F875 /* FirebaseAnalyticsWithoutAdIdSupport */,
				FD4E25DD297785E800F6F875 /* FirebaseAuth */,
				FD4E25DF297785E800F6F875 /* FirebaseAuthCombine-Community */,
				FD4E25E1297785E800F6F875 /* FirebaseDatabase */,
				FD4E25E3297785E800F6F875 /* FirebaseDatabaseSwift */,
				FD4E25E5297785E800F6F875 /* FirebaseFirestore */,
				FD4E25E7297785E800F6F875 /* FirebaseFirestoreCombine-Community */,
				FD4E25E9297785E800F6F875 /* FirebaseFirestoreSwift */,
				FD4E25EB297785E800F6F875 /* FirebaseStorage */,
				FD4E25ED297785E800F6F875 /* FirebaseStorageCombine-Community */,
				2869DE352977B00C00D8CAFB /* GoogleSignIn */,
				2869DE372977B00C00D8CAFB /* GoogleSignInSwift */,
				FD2D07FD297BFE3000CC010E /* Alamofire */,
			);
			productName = CheckIt;
			productReference = FD4E2599297783CC00F6F875 /* CheckIt.app */;
			productType = "com.apple.product-type.application";
		};
		FD4E25A8297783CD00F6F875 /* CheckItTests */ = {
			isa = PBXNativeTarget;
			buildConfigurationList = FD4E25C0297783CD00F6F875 /* Build configuration list for PBXNativeTarget "CheckItTests" */;
			buildPhases = (
				FD4E25A5297783CD00F6F875 /* Sources */,
				FD4E25A6297783CD00F6F875 /* Frameworks */,
				FD4E25A7297783CD00F6F875 /* Resources */,
			);
			buildRules = (
			);
			dependencies = (
				FD4E25AB297783CD00F6F875 /* PBXTargetDependency */,
			);
			name = CheckItTests;
			productName = CheckItTests;
			productReference = FD4E25A9297783CD00F6F875 /* CheckItTests.xctest */;
			productType = "com.apple.product-type.bundle.unit-test";
		};
		FD4E25B2297783CD00F6F875 /* CheckItUITests */ = {
			isa = PBXNativeTarget;
			buildConfigurationList = FD4E25C3297783CD00F6F875 /* Build configuration list for PBXNativeTarget "CheckItUITests" */;
			buildPhases = (
				FD4E25AF297783CD00F6F875 /* Sources */,
				FD4E25B0297783CD00F6F875 /* Frameworks */,
				FD4E25B1297783CD00F6F875 /* Resources */,
			);
			buildRules = (
			);
			dependencies = (
				FD4E25B5297783CD00F6F875 /* PBXTargetDependency */,
			);
			name = CheckItUITests;
			productName = CheckItUITests;
			productReference = FD4E25B3297783CD00F6F875 /* CheckItUITests.xctest */;
			productType = "com.apple.product-type.bundle.ui-testing";
		};
/* End PBXNativeTarget section */

/* Begin PBXProject section */
		FD4E2591297783CC00F6F875 /* Project object */ = {
			isa = PBXProject;
			attributes = {
				BuildIndependentTargetsInParallel = 1;
				LastSwiftUpdateCheck = 1420;
				LastUpgradeCheck = 1420;
				TargetAttributes = {
					FD4E2598297783CC00F6F875 = {
						CreatedOnToolsVersion = 14.2;
					};
					FD4E25A8297783CD00F6F875 = {
						CreatedOnToolsVersion = 14.2;
						TestTargetID = FD4E2598297783CC00F6F875;
					};
					FD4E25B2297783CD00F6F875 = {
						CreatedOnToolsVersion = 14.2;
						TestTargetID = FD4E2598297783CC00F6F875;
					};
				};
			};
			buildConfigurationList = FD4E2594297783CC00F6F875 /* Build configuration list for PBXProject "CheckIt" */;
			compatibilityVersion = "Xcode 14.0";
			developmentRegion = en;
			hasScannedForEncodings = 0;
			knownRegions = (
				en,
				Base,
			);
			mainGroup = FD4E2590297783CC00F6F875;
			packageReferences = (
				FD4E25D4297785E800F6F875 /* XCRemoteSwiftPackageReference "firebase-ios-sdk" */,
				2869DE342977B00C00D8CAFB /* XCRemoteSwiftPackageReference "GoogleSignIn-iOS" */,
				FD2D07FC297BFE3000CC010E /* XCRemoteSwiftPackageReference "Alamofire" */,
			);
			productRefGroup = FD4E259A297783CC00F6F875 /* Products */;
			projectDirPath = "";
			projectRoot = "";
			targets = (
				FD4E2598297783CC00F6F875 /* CheckIt */,
				FD4E25A8297783CD00F6F875 /* CheckItTests */,
				FD4E25B2297783CD00F6F875 /* CheckItUITests */,
			);
		};
/* End PBXProject section */

/* Begin PBXResourcesBuildPhase section */
		FD4E2597297783CC00F6F875 /* Resources */ = {
			isa = PBXResourcesBuildPhase;
			buildActionMask = 2147483647;
			files = (
				FD4E25A4297783CC00F6F875 /* Preview Assets.xcassets in Resources */,
				FD4E25A1297783CC00F6F875 /* Assets.xcassets in Resources */,
				FD4E25D32977859E00F6F875 /* GoogleService-Info.plist in Resources */,
			);
			runOnlyForDeploymentPostprocessing = 0;
		};
		FD4E25A7297783CD00F6F875 /* Resources */ = {
			isa = PBXResourcesBuildPhase;
			buildActionMask = 2147483647;
			files = (
			);
			runOnlyForDeploymentPostprocessing = 0;
		};
		FD4E25B1297783CD00F6F875 /* Resources */ = {
			isa = PBXResourcesBuildPhase;
			buildActionMask = 2147483647;
			files = (
			);
			runOnlyForDeploymentPostprocessing = 0;
		};
/* End PBXResourcesBuildPhase section */

/* Begin PBXSourcesBuildPhase section */
		FD4E2595297783CC00F6F875 /* Sources */ = {
			isa = PBXSourcesBuildPhase;
			buildActionMask = 2147483647;
			files = (
				2807AAA1297A5FEE00B1676C /* AttendanceDetailStatusView.swift in Sources */,
				2BDA61F32977C72B00FDD307 /* JoinGruopModalView.swift in Sources */,
				2BDA61EF2977BC0B00FDD307 /* GroupMainView.swift in Sources */,
				2BDA61F52977D2C400FDD307 /* Modifiers.swift in Sources */,
				A5FF27A22977AD640059C312 /* QuestionView.swift in Sources */,
				FD2D0800297C0FB100CC010E /* CustomSymbols.swift in Sources */,
				FD4E25D12977849900F6F875 /* ColorExtension.swift in Sources */,
				A5FF27A02977AD3F0059C312 /* MyPageView.swift in Sources */,
				A5FF27A62977BD130059C312 /* Profile.swift in Sources */,
				FD4E259F297783CC00F6F875 /* ContentView.swift in Sources */,
				2BDA61F12977C6CE00FDD307 /* MakeGroupModalView.swift in Sources */,
				2BDA61F9297E939500FDD307 /* MainPlusSheetView.swift in Sources */,
				A5FF27A42977AEF80059C312 /* MyPageButton.swift in Sources */,
				A5FF27A82977C3F30059C312 /* PremiumRateView.swift in Sources */,
				2869DE422977CD4B00D8CAFB /* AttendanceDetailView.swift in Sources */,
				FD4E25FA2977BA6600F6F875 /* QRSheetView.swift in Sources */,
				FD4E25F22977AF8B00F6F875 /* CheckItButtonLabel.swift in Sources */,
				A5C48C11297A606D007D49DF /* GroupMemberListCell.swift in Sources */,
				864DC4872977B19F005DB201 /* TaskView.swift in Sources */,
				FD4E25D12977849900F6F875 /* ColorExtension.swift in Sources */,
				FDE58061297A53A600B7AC28 /* ToastAlert.swift in Sources */,
				1A41F4442977AA600051F464 /* AttendanceStatusView.swift in Sources */,
				FD4E25FE2977C44C00F6F875 /* QRButtonLabel.swift in Sources */,
				FD4E25F42977B20800F6F875 /* DdayLabel.swift in Sources */,
				FD4E25F62977B84A00F6F875 /* CheckMainView.swift in Sources */,
				2807AA99297A514D00B1676C /* AttendanceCategory.swift in Sources */,
				FD4E25F82977B9E900F6F875 /* CheckMapView.swift in Sources */,
				FD4E25F02977AC8500F6F875 /* CheckItCard.swift in Sources */,
				FD4E259F297783CC00F6F875 /* ContentView.swift in Sources */,
				2869DE442977CF0200D8CAFB /* LateCostCellView.swift in Sources */,
				2807AA9D297A5E0500B1676C /* AttendancePickerView.swift in Sources */,
				2869DE332977AC1D00D8CAFB /* LoginView.swift in Sources */,
				A5C48C0F297A5221007D49DF /* GroupPosition.swift in Sources */,
				2869DE402977CC8800D8CAFB /* AttendanceCellView.swift in Sources */,
				2BDA61FD2982705700FDD307 /* CustomTextField.swift in Sources */,
				FD4E259D297783CC00F6F875 /* CheckItApp.swift in Sources */,
				A5FF27AA2977D1D00059C312 /* QuitGroupAlert.swift in Sources */,
				A5FF27AC2977D2640059C312 /* alertTestView.swift in Sources */,
				2869DE3E2977CC5400D8CAFB /* AttendanceView.swift in Sources */,
				864DC4852977B111005DB201 /* CalendarView.swift in Sources */,
				864DC4912977DF8C005DB201 /* PickerView.swift in Sources */,
				FD2D07F7297BFCB900CC010E /* GeoCodingResponse.swift in Sources */,
				FD4E259D297783CC00F6F875 /* CheckItApp.swift in Sources */,
				2807AA9B297A536300B1676C /* AttendanceCategoryView.swift in Sources */,
				1A41F4462977AA820051F464 /* LateFeeView.swift in Sources */,
				1A41F4402977A8D40051F464 /* GroupScheduleView.swift in Sources */,
				FD2D07FB297BFDEC00CC010E /* GeoCodingService.swift in Sources */,
				A5C48C0D297A506D007D49DF /* GroupInformationView.swift in Sources */,
				1A41F4482977AE3C0051F464 /* CategoryView.swift in Sources */,
				1A41F4422977A8F70051F464 /* AddScheduleView.swift in Sources */,
				864DC48F2977B962005DB201 /* DateValue.swift in Sources */,
				864DC4892977B2F9005DB201 /* CustomDatePickerView.swift in Sources */,
			);
			runOnlyForDeploymentPostprocessing = 0;
		};
		FD4E25A5297783CD00F6F875 /* Sources */ = {
			isa = PBXSourcesBuildPhase;
			buildActionMask = 2147483647;
			files = (
				FD4E25AE297783CD00F6F875 /* CheckItTests.swift in Sources */,
			);
			runOnlyForDeploymentPostprocessing = 0;
		};
		FD4E25AF297783CD00F6F875 /* Sources */ = {
			isa = PBXSourcesBuildPhase;
			buildActionMask = 2147483647;
			files = (
				FD4E25BA297783CD00F6F875 /* CheckItUITestsLaunchTests.swift in Sources */,
				FD4E25B8297783CD00F6F875 /* CheckItUITests.swift in Sources */,
			);
			runOnlyForDeploymentPostprocessing = 0;
		};
/* End PBXSourcesBuildPhase section */

/* Begin PBXTargetDependency section */
		FD4E25AB297783CD00F6F875 /* PBXTargetDependency */ = {
			isa = PBXTargetDependency;
			target = FD4E2598297783CC00F6F875 /* CheckIt */;
			targetProxy = FD4E25AA297783CD00F6F875 /* PBXContainerItemProxy */;
		};
		FD4E25B5297783CD00F6F875 /* PBXTargetDependency */ = {
			isa = PBXTargetDependency;
			target = FD4E2598297783CC00F6F875 /* CheckIt */;
			targetProxy = FD4E25B4297783CD00F6F875 /* PBXContainerItemProxy */;
		};
/* End PBXTargetDependency section */

/* Begin XCBuildConfiguration section */
		FD4E25BB297783CD00F6F875 /* Debug */ = {
			isa = XCBuildConfiguration;
			buildSettings = {
				ALWAYS_SEARCH_USER_PATHS = NO;
				CLANG_ANALYZER_NONNULL = YES;
				CLANG_ANALYZER_NUMBER_OBJECT_CONVERSION = YES_AGGRESSIVE;
				CLANG_CXX_LANGUAGE_STANDARD = "gnu++20";
				CLANG_ENABLE_MODULES = YES;
				CLANG_ENABLE_OBJC_ARC = YES;
				CLANG_ENABLE_OBJC_WEAK = YES;
				CLANG_WARN_BLOCK_CAPTURE_AUTORELEASING = YES;
				CLANG_WARN_BOOL_CONVERSION = YES;
				CLANG_WARN_COMMA = YES;
				CLANG_WARN_CONSTANT_CONVERSION = YES;
				CLANG_WARN_DEPRECATED_OBJC_IMPLEMENTATIONS = YES;
				CLANG_WARN_DIRECT_OBJC_ISA_USAGE = YES_ERROR;
				CLANG_WARN_DOCUMENTATION_COMMENTS = YES;
				CLANG_WARN_EMPTY_BODY = YES;
				CLANG_WARN_ENUM_CONVERSION = YES;
				CLANG_WARN_INFINITE_RECURSION = YES;
				CLANG_WARN_INT_CONVERSION = YES;
				CLANG_WARN_NON_LITERAL_NULL_CONVERSION = YES;
				CLANG_WARN_OBJC_IMPLICIT_RETAIN_SELF = YES;
				CLANG_WARN_OBJC_LITERAL_CONVERSION = YES;
				CLANG_WARN_OBJC_ROOT_CLASS = YES_ERROR;
				CLANG_WARN_QUOTED_INCLUDE_IN_FRAMEWORK_HEADER = YES;
				CLANG_WARN_RANGE_LOOP_ANALYSIS = YES;
				CLANG_WARN_STRICT_PROTOTYPES = YES;
				CLANG_WARN_SUSPICIOUS_MOVE = YES;
				CLANG_WARN_UNGUARDED_AVAILABILITY = YES_AGGRESSIVE;
				CLANG_WARN_UNREACHABLE_CODE = YES;
				CLANG_WARN__DUPLICATE_METHOD_MATCH = YES;
				COPY_PHASE_STRIP = NO;
				DEBUG_INFORMATION_FORMAT = dwarf;
				ENABLE_STRICT_OBJC_MSGSEND = YES;
				ENABLE_TESTABILITY = YES;
				GCC_C_LANGUAGE_STANDARD = gnu11;
				GCC_DYNAMIC_NO_PIC = NO;
				GCC_NO_COMMON_BLOCKS = YES;
				GCC_OPTIMIZATION_LEVEL = 0;
				GCC_PREPROCESSOR_DEFINITIONS = (
					"DEBUG=1",
					"$(inherited)",
				);
				GCC_WARN_64_TO_32_BIT_CONVERSION = YES;
				GCC_WARN_ABOUT_RETURN_TYPE = YES_ERROR;
				GCC_WARN_UNDECLARED_SELECTOR = YES;
				GCC_WARN_UNINITIALIZED_AUTOS = YES_AGGRESSIVE;
				GCC_WARN_UNUSED_FUNCTION = YES;
				GCC_WARN_UNUSED_VARIABLE = YES;
				IPHONEOS_DEPLOYMENT_TARGET = 16.2;
				MTL_ENABLE_DEBUG_INFO = INCLUDE_SOURCE;
				MTL_FAST_MATH = YES;
				ONLY_ACTIVE_ARCH = YES;
				SDKROOT = iphoneos;
				SWIFT_ACTIVE_COMPILATION_CONDITIONS = DEBUG;
				SWIFT_OPTIMIZATION_LEVEL = "-Onone";
			};
			name = Debug;
		};
		FD4E25BC297783CD00F6F875 /* Release */ = {
			isa = XCBuildConfiguration;
			buildSettings = {
				ALWAYS_SEARCH_USER_PATHS = NO;
				CLANG_ANALYZER_NONNULL = YES;
				CLANG_ANALYZER_NUMBER_OBJECT_CONVERSION = YES_AGGRESSIVE;
				CLANG_CXX_LANGUAGE_STANDARD = "gnu++20";
				CLANG_ENABLE_MODULES = YES;
				CLANG_ENABLE_OBJC_ARC = YES;
				CLANG_ENABLE_OBJC_WEAK = YES;
				CLANG_WARN_BLOCK_CAPTURE_AUTORELEASING = YES;
				CLANG_WARN_BOOL_CONVERSION = YES;
				CLANG_WARN_COMMA = YES;
				CLANG_WARN_CONSTANT_CONVERSION = YES;
				CLANG_WARN_DEPRECATED_OBJC_IMPLEMENTATIONS = YES;
				CLANG_WARN_DIRECT_OBJC_ISA_USAGE = YES_ERROR;
				CLANG_WARN_DOCUMENTATION_COMMENTS = YES;
				CLANG_WARN_EMPTY_BODY = YES;
				CLANG_WARN_ENUM_CONVERSION = YES;
				CLANG_WARN_INFINITE_RECURSION = YES;
				CLANG_WARN_INT_CONVERSION = YES;
				CLANG_WARN_NON_LITERAL_NULL_CONVERSION = YES;
				CLANG_WARN_OBJC_IMPLICIT_RETAIN_SELF = YES;
				CLANG_WARN_OBJC_LITERAL_CONVERSION = YES;
				CLANG_WARN_OBJC_ROOT_CLASS = YES_ERROR;
				CLANG_WARN_QUOTED_INCLUDE_IN_FRAMEWORK_HEADER = YES;
				CLANG_WARN_RANGE_LOOP_ANALYSIS = YES;
				CLANG_WARN_STRICT_PROTOTYPES = YES;
				CLANG_WARN_SUSPICIOUS_MOVE = YES;
				CLANG_WARN_UNGUARDED_AVAILABILITY = YES_AGGRESSIVE;
				CLANG_WARN_UNREACHABLE_CODE = YES;
				CLANG_WARN__DUPLICATE_METHOD_MATCH = YES;
				COPY_PHASE_STRIP = NO;
				DEBUG_INFORMATION_FORMAT = "dwarf-with-dsym";
				ENABLE_NS_ASSERTIONS = NO;
				ENABLE_STRICT_OBJC_MSGSEND = YES;
				GCC_C_LANGUAGE_STANDARD = gnu11;
				GCC_NO_COMMON_BLOCKS = YES;
				GCC_WARN_64_TO_32_BIT_CONVERSION = YES;
				GCC_WARN_ABOUT_RETURN_TYPE = YES_ERROR;
				GCC_WARN_UNDECLARED_SELECTOR = YES;
				GCC_WARN_UNINITIALIZED_AUTOS = YES_AGGRESSIVE;
				GCC_WARN_UNUSED_FUNCTION = YES;
				GCC_WARN_UNUSED_VARIABLE = YES;
				IPHONEOS_DEPLOYMENT_TARGET = 16.2;
				MTL_ENABLE_DEBUG_INFO = NO;
				MTL_FAST_MATH = YES;
				SDKROOT = iphoneos;
				SWIFT_COMPILATION_MODE = wholemodule;
				SWIFT_OPTIMIZATION_LEVEL = "-O";
				VALIDATE_PRODUCT = YES;
			};
			name = Release;
		};
		FD4E25BE297783CD00F6F875 /* Debug */ = {
			isa = XCBuildConfiguration;
			buildSettings = {
				ASSETCATALOG_COMPILER_APPICON_NAME = AppIcon;
				ASSETCATALOG_COMPILER_GLOBAL_ACCENT_COLOR_NAME = AccentColor;
				CODE_SIGN_STYLE = Automatic;
				CURRENT_PROJECT_VERSION = 1;
				DEVELOPMENT_ASSET_PATHS = "\"CheckIt/Preview Content\"";
				DEVELOPMENT_TEAM = "";
				ENABLE_PREVIEWS = YES;
				GENERATE_INFOPLIST_FILE = YES;
				INFOPLIST_KEY_LSApplicationCategoryType = "";
				INFOPLIST_KEY_NSCameraUsageDescription = "";
				INFOPLIST_KEY_NSLocationAlwaysAndWhenInUseUsageDescription = "";
				INFOPLIST_KEY_NSLocationAlwaysUsageDescription = "";
				INFOPLIST_KEY_NSLocationUsageDescription = "";
				INFOPLIST_KEY_UIApplicationSceneManifest_Generation = YES;
				INFOPLIST_KEY_UIApplicationSupportsIndirectInputEvents = YES;
				INFOPLIST_KEY_UILaunchScreen_Generation = YES;
				INFOPLIST_KEY_UISupportedInterfaceOrientations_iPad = "UIInterfaceOrientationPortrait UIInterfaceOrientationPortraitUpsideDown UIInterfaceOrientationLandscapeLeft UIInterfaceOrientationLandscapeRight";
				INFOPLIST_KEY_UISupportedInterfaceOrientations_iPhone = "UIInterfaceOrientationPortrait UIInterfaceOrientationLandscapeLeft UIInterfaceOrientationLandscapeRight";
				IPHONEOS_DEPLOYMENT_TARGET = 16.1;
				LD_RUNPATH_SEARCH_PATHS = (
					"$(inherited)",
					"@executable_path/Frameworks",
				);
				MARKETING_VERSION = 1.0;
				PRODUCT_BUNDLE_IDENTIFIER = com.codeline.CheckIt;
				PRODUCT_NAME = "$(TARGET_NAME)";
				SWIFT_EMIT_LOC_STRINGS = YES;
				SWIFT_VERSION = 5.0;
				TARGETED_DEVICE_FAMILY = "1,2";
			};
			name = Debug;
		};
		FD4E25BF297783CD00F6F875 /* Release */ = {
			isa = XCBuildConfiguration;
			buildSettings = {
				ASSETCATALOG_COMPILER_APPICON_NAME = AppIcon;
				ASSETCATALOG_COMPILER_GLOBAL_ACCENT_COLOR_NAME = AccentColor;
				CODE_SIGN_STYLE = Automatic;
				CURRENT_PROJECT_VERSION = 1;
				DEVELOPMENT_ASSET_PATHS = "\"CheckIt/Preview Content\"";
				DEVELOPMENT_TEAM = "";
				ENABLE_PREVIEWS = YES;
				GENERATE_INFOPLIST_FILE = YES;
				INFOPLIST_KEY_LSApplicationCategoryType = "";
				INFOPLIST_KEY_NSCameraUsageDescription = "";
				INFOPLIST_KEY_NSLocationAlwaysAndWhenInUseUsageDescription = "";
				INFOPLIST_KEY_NSLocationAlwaysUsageDescription = "";
				INFOPLIST_KEY_NSLocationUsageDescription = "";
				INFOPLIST_KEY_UIApplicationSceneManifest_Generation = YES;
				INFOPLIST_KEY_UIApplicationSupportsIndirectInputEvents = YES;
				INFOPLIST_KEY_UILaunchScreen_Generation = YES;
				INFOPLIST_KEY_UISupportedInterfaceOrientations_iPad = "UIInterfaceOrientationPortrait UIInterfaceOrientationPortraitUpsideDown UIInterfaceOrientationLandscapeLeft UIInterfaceOrientationLandscapeRight";
				INFOPLIST_KEY_UISupportedInterfaceOrientations_iPhone = "UIInterfaceOrientationPortrait UIInterfaceOrientationLandscapeLeft UIInterfaceOrientationLandscapeRight";
				IPHONEOS_DEPLOYMENT_TARGET = 16.1;
				LD_RUNPATH_SEARCH_PATHS = (
					"$(inherited)",
					"@executable_path/Frameworks",
				);
				MARKETING_VERSION = 1.0;
				PRODUCT_BUNDLE_IDENTIFIER = com.codeline.CheckIt;
				PRODUCT_NAME = "$(TARGET_NAME)";
				SWIFT_EMIT_LOC_STRINGS = YES;
				SWIFT_VERSION = 5.0;
				TARGETED_DEVICE_FAMILY = "1,2";
			};
			name = Release;
		};
		FD4E25C1297783CD00F6F875 /* Debug */ = {
			isa = XCBuildConfiguration;
			buildSettings = {
				ALWAYS_EMBED_SWIFT_STANDARD_LIBRARIES = YES;
				BUNDLE_LOADER = "$(TEST_HOST)";
				CODE_SIGN_STYLE = Automatic;
				CURRENT_PROJECT_VERSION = 1;
				DEVELOPMENT_TEAM = BW4MN2W69K;
				GENERATE_INFOPLIST_FILE = YES;
				IPHONEOS_DEPLOYMENT_TARGET = 16.2;
				MARKETING_VERSION = 1.0;
				PRODUCT_BUNDLE_IDENTIFIER = com.codeline.CheckItTests;
				PRODUCT_NAME = "$(TARGET_NAME)";
				SWIFT_EMIT_LOC_STRINGS = NO;
				SWIFT_VERSION = 5.0;
				TARGETED_DEVICE_FAMILY = "1,2";
				TEST_HOST = "$(BUILT_PRODUCTS_DIR)/CheckIt.app/$(BUNDLE_EXECUTABLE_FOLDER_PATH)/CheckIt";
			};
			name = Debug;
		};
		FD4E25C2297783CD00F6F875 /* Release */ = {
			isa = XCBuildConfiguration;
			buildSettings = {
				ALWAYS_EMBED_SWIFT_STANDARD_LIBRARIES = YES;
				BUNDLE_LOADER = "$(TEST_HOST)";
				CODE_SIGN_STYLE = Automatic;
				CURRENT_PROJECT_VERSION = 1;
				DEVELOPMENT_TEAM = BW4MN2W69K;
				GENERATE_INFOPLIST_FILE = YES;
				IPHONEOS_DEPLOYMENT_TARGET = 16.2;
				MARKETING_VERSION = 1.0;
				PRODUCT_BUNDLE_IDENTIFIER = com.codeline.CheckItTests;
				PRODUCT_NAME = "$(TARGET_NAME)";
				SWIFT_EMIT_LOC_STRINGS = NO;
				SWIFT_VERSION = 5.0;
				TARGETED_DEVICE_FAMILY = "1,2";
				TEST_HOST = "$(BUILT_PRODUCTS_DIR)/CheckIt.app/$(BUNDLE_EXECUTABLE_FOLDER_PATH)/CheckIt";
			};
			name = Release;
		};
		FD4E25C4297783CD00F6F875 /* Debug */ = {
			isa = XCBuildConfiguration;
			buildSettings = {
				ALWAYS_EMBED_SWIFT_STANDARD_LIBRARIES = YES;
				CODE_SIGN_STYLE = Automatic;
				CURRENT_PROJECT_VERSION = 1;
				DEVELOPMENT_TEAM = BW4MN2W69K;
				GENERATE_INFOPLIST_FILE = YES;
				MARKETING_VERSION = 1.0;
				PRODUCT_BUNDLE_IDENTIFIER = com.codeline.CheckItUITests;
				PRODUCT_NAME = "$(TARGET_NAME)";
				SWIFT_EMIT_LOC_STRINGS = NO;
				SWIFT_VERSION = 5.0;
				TARGETED_DEVICE_FAMILY = "1,2";
				TEST_TARGET_NAME = CheckIt;
			};
			name = Debug;
		};
		FD4E25C5297783CD00F6F875 /* Release */ = {
			isa = XCBuildConfiguration;
			buildSettings = {
				ALWAYS_EMBED_SWIFT_STANDARD_LIBRARIES = YES;
				CODE_SIGN_STYLE = Automatic;
				CURRENT_PROJECT_VERSION = 1;
				DEVELOPMENT_TEAM = BW4MN2W69K;
				GENERATE_INFOPLIST_FILE = YES;
				MARKETING_VERSION = 1.0;
				PRODUCT_BUNDLE_IDENTIFIER = com.codeline.CheckItUITests;
				PRODUCT_NAME = "$(TARGET_NAME)";
				SWIFT_EMIT_LOC_STRINGS = NO;
				SWIFT_VERSION = 5.0;
				TARGETED_DEVICE_FAMILY = "1,2";
				TEST_TARGET_NAME = CheckIt;
			};
			name = Release;
		};
/* End XCBuildConfiguration section */

/* Begin XCConfigurationList section */
		FD4E2594297783CC00F6F875 /* Build configuration list for PBXProject "CheckIt" */ = {
			isa = XCConfigurationList;
			buildConfigurations = (
				FD4E25BB297783CD00F6F875 /* Debug */,
				FD4E25BC297783CD00F6F875 /* Release */,
			);
			defaultConfigurationIsVisible = 0;
			defaultConfigurationName = Release;
		};
		FD4E25BD297783CD00F6F875 /* Build configuration list for PBXNativeTarget "CheckIt" */ = {
			isa = XCConfigurationList;
			buildConfigurations = (
				FD4E25BE297783CD00F6F875 /* Debug */,
				FD4E25BF297783CD00F6F875 /* Release */,
			);
			defaultConfigurationIsVisible = 0;
			defaultConfigurationName = Release;
		};
		FD4E25C0297783CD00F6F875 /* Build configuration list for PBXNativeTarget "CheckItTests" */ = {
			isa = XCConfigurationList;
			buildConfigurations = (
				FD4E25C1297783CD00F6F875 /* Debug */,
				FD4E25C2297783CD00F6F875 /* Release */,
			);
			defaultConfigurationIsVisible = 0;
			defaultConfigurationName = Release;
		};
		FD4E25C3297783CD00F6F875 /* Build configuration list for PBXNativeTarget "CheckItUITests" */ = {
			isa = XCConfigurationList;
			buildConfigurations = (
				FD4E25C4297783CD00F6F875 /* Debug */,
				FD4E25C5297783CD00F6F875 /* Release */,
			);
			defaultConfigurationIsVisible = 0;
			defaultConfigurationName = Release;
		};
/* End XCConfigurationList section */

/* Begin XCRemoteSwiftPackageReference section */
		2869DE342977B00C00D8CAFB /* XCRemoteSwiftPackageReference "GoogleSignIn-iOS" */ = {
			isa = XCRemoteSwiftPackageReference;
			repositoryURL = "https://github.com/google/GoogleSignIn-iOS";
			requirement = {
				kind = upToNextMajorVersion;
				minimumVersion = 6.2.4;
			};
		};
		FD2D07FC297BFE3000CC010E /* XCRemoteSwiftPackageReference "Alamofire" */ = {
			isa = XCRemoteSwiftPackageReference;
			repositoryURL = "https://github.com/Alamofire/Alamofire";
			requirement = {
				kind = upToNextMajorVersion;
				minimumVersion = 5.0.0;
			};
		};
		FD4E25D4297785E800F6F875 /* XCRemoteSwiftPackageReference "firebase-ios-sdk" */ = {
			isa = XCRemoteSwiftPackageReference;
			repositoryURL = "https://github.com/firebase/firebase-ios-sdk";
			requirement = {
				branch = master;
				kind = branch;
			};
		};
/* End XCRemoteSwiftPackageReference section */

/* Begin XCSwiftPackageProductDependency section */
		2869DE352977B00C00D8CAFB /* GoogleSignIn */ = {
			isa = XCSwiftPackageProductDependency;
			package = 2869DE342977B00C00D8CAFB /* XCRemoteSwiftPackageReference "GoogleSignIn-iOS" */;
			productName = GoogleSignIn;
		};
		2869DE372977B00C00D8CAFB /* GoogleSignInSwift */ = {
			isa = XCSwiftPackageProductDependency;
			package = 2869DE342977B00C00D8CAFB /* XCRemoteSwiftPackageReference "GoogleSignIn-iOS" */;
			productName = GoogleSignInSwift;
		};
		FD2D07FD297BFE3000CC010E /* Alamofire */ = {
			isa = XCSwiftPackageProductDependency;
			package = FD2D07FC297BFE3000CC010E /* XCRemoteSwiftPackageReference "Alamofire" */;
			productName = Alamofire;
		};
		FD4E25D5297785E800F6F875 /* FirebaseAnalytics */ = {
			isa = XCSwiftPackageProductDependency;
			package = FD4E25D4297785E800F6F875 /* XCRemoteSwiftPackageReference "firebase-ios-sdk" */;
			productName = FirebaseAnalytics;
		};
		FD4E25D7297785E800F6F875 /* FirebaseAnalyticsOnDeviceConversion */ = {
			isa = XCSwiftPackageProductDependency;
			package = FD4E25D4297785E800F6F875 /* XCRemoteSwiftPackageReference "firebase-ios-sdk" */;
			productName = FirebaseAnalyticsOnDeviceConversion;
		};
		FD4E25D9297785E800F6F875 /* FirebaseAnalyticsSwift */ = {
			isa = XCSwiftPackageProductDependency;
			package = FD4E25D4297785E800F6F875 /* XCRemoteSwiftPackageReference "firebase-ios-sdk" */;
			productName = FirebaseAnalyticsSwift;
		};
		FD4E25DB297785E800F6F875 /* FirebaseAnalyticsWithoutAdIdSupport */ = {
			isa = XCSwiftPackageProductDependency;
			package = FD4E25D4297785E800F6F875 /* XCRemoteSwiftPackageReference "firebase-ios-sdk" */;
			productName = FirebaseAnalyticsWithoutAdIdSupport;
		};
		FD4E25DD297785E800F6F875 /* FirebaseAuth */ = {
			isa = XCSwiftPackageProductDependency;
			package = FD4E25D4297785E800F6F875 /* XCRemoteSwiftPackageReference "firebase-ios-sdk" */;
			productName = FirebaseAuth;
		};
		FD4E25DF297785E800F6F875 /* FirebaseAuthCombine-Community */ = {
			isa = XCSwiftPackageProductDependency;
			package = FD4E25D4297785E800F6F875 /* XCRemoteSwiftPackageReference "firebase-ios-sdk" */;
			productName = "FirebaseAuthCombine-Community";
		};
		FD4E25E1297785E800F6F875 /* FirebaseDatabase */ = {
			isa = XCSwiftPackageProductDependency;
			package = FD4E25D4297785E800F6F875 /* XCRemoteSwiftPackageReference "firebase-ios-sdk" */;
			productName = FirebaseDatabase;
		};
		FD4E25E3297785E800F6F875 /* FirebaseDatabaseSwift */ = {
			isa = XCSwiftPackageProductDependency;
			package = FD4E25D4297785E800F6F875 /* XCRemoteSwiftPackageReference "firebase-ios-sdk" */;
			productName = FirebaseDatabaseSwift;
		};
		FD4E25E5297785E800F6F875 /* FirebaseFirestore */ = {
			isa = XCSwiftPackageProductDependency;
			package = FD4E25D4297785E800F6F875 /* XCRemoteSwiftPackageReference "firebase-ios-sdk" */;
			productName = FirebaseFirestore;
		};
		FD4E25E7297785E800F6F875 /* FirebaseFirestoreCombine-Community */ = {
			isa = XCSwiftPackageProductDependency;
			package = FD4E25D4297785E800F6F875 /* XCRemoteSwiftPackageReference "firebase-ios-sdk" */;
			productName = "FirebaseFirestoreCombine-Community";
		};
		FD4E25E9297785E800F6F875 /* FirebaseFirestoreSwift */ = {
			isa = XCSwiftPackageProductDependency;
			package = FD4E25D4297785E800F6F875 /* XCRemoteSwiftPackageReference "firebase-ios-sdk" */;
			productName = FirebaseFirestoreSwift;
		};
		FD4E25EB297785E800F6F875 /* FirebaseStorage */ = {
			isa = XCSwiftPackageProductDependency;
			package = FD4E25D4297785E800F6F875 /* XCRemoteSwiftPackageReference "firebase-ios-sdk" */;
			productName = FirebaseStorage;
		};
		FD4E25ED297785E800F6F875 /* FirebaseStorageCombine-Community */ = {
			isa = XCSwiftPackageProductDependency;
			package = FD4E25D4297785E800F6F875 /* XCRemoteSwiftPackageReference "firebase-ios-sdk" */;
			productName = "FirebaseStorageCombine-Community";
		};
/* End XCSwiftPackageProductDependency section */
	};
	rootObject = FD4E2591297783CC00F6F875 /* Project object */;
}
